// !$*UTF8*$!
{
	archiveVersion = 1;
	classes = {
	};
	objectVersion = 51;
	objects = {

/* Begin PBXBuildFile section */
		491A0F2324AF448700CC4189 /* TestAViewController.m in Sources */ = {isa = PBXBuildFile; fileRef = 491A0F2224AF448700CC4189 /* TestAViewController.m */; };
		491A0F2624AF44A200CC4189 /* TestBViewController.m in Sources */ = {isa = PBXBuildFile; fileRef = 491A0F2524AF44A200CC4189 /* TestBViewController.m */; };
		491A0F2924AF44AB00CC4189 /* TestCViewController.m in Sources */ = {isa = PBXBuildFile; fileRef = 491A0F2824AF44AB00CC4189 /* TestCViewController.m */; };
		492554A7239DF4070008D6EF /* SDWebImageTestViewController.m in Sources */ = {isa = PBXBuildFile; fileRef = 492554A6239DF4070008D6EF /* SDWebImageTestViewController.m */; };
		492E19732E3B2F4900747694 /* test01.cpp in Sources */ = {isa = PBXBuildFile; fileRef = 492E19722E3B2F4900747694 /* test01.cpp */; };
		492E19762E3B54BF00747694 /* NSObject+HashTable.m in Sources */ = {isa = PBXBuildFile; fileRef = 492E19752E3B54BF00747694 /* NSObject+HashTable.m */; };
		492E197A2E42086700747694 /* StrategyMode.m in Sources */ = {isa = PBXBuildFile; fileRef = 492E19792E42086700747694 /* StrategyMode.m */; };
		492E197C2E433EF000747694 /* Strategy.md in Resources */ = {isa = PBXBuildFile; fileRef = 492E197B2E433EF000747694 /* Strategy.md */; };
		492E19852E43523800747694 /* DecortorPerson.m in Sources */ = {isa = PBXBuildFile; fileRef = 492E19842E43523800747694 /* DecortorPerson.m */; };
		492E19872E43525900747694 /* Decorator.md in Resources */ = {isa = PBXBuildFile; fileRef = 492E19862E43525900747694 /* Decorator.md */; };
		492E198A2E43553400747694 /* Finery.m in Sources */ = {isa = PBXBuildFile; fileRef = 492E19892E43553400747694 /* Finery.m */; };
		492E198D2E43768300747694 /* Person.m in Sources */ = {isa = PBXBuildFile; fileRef = 492E198B2E43768300747694 /* Person.m */; };
		493904AD25F2516A00C8C209 /* OCLockTestViewController.m in Sources */ = {isa = PBXBuildFile; fileRef = 493904AC25F2516A00C8C209 /* OCLockTestViewController.m */; };
		493904B325F3179800C8C209 /* StrongCopyWeakTest.m in Sources */ = {isa = PBXBuildFile; fileRef = 493904B225F3179800C8C209 /* StrongCopyWeakTest.m */; };
		493AE7BC23ACBDA800BDDACC /* SignalModelTest.m in Sources */ = {isa = PBXBuildFile; fileRef = 493AE7BB23ACBDA800BDDACC /* SignalModelTest.m */; };
		493CBEDB23A72F7600694F6E /* Book.m in Sources */ = {isa = PBXBuildFile; fileRef = 493CBEDA23A72F7600694F6E /* Book.m */; };
		493E0857238BCBED0079D893 /* DelegateViewController.m in Sources */ = {isa = PBXBuildFile; fileRef = 493E0856238BCBED0079D893 /* DelegateViewController.m */; };
		493E085C238BFC550079D893 /* BlockViewController.m in Sources */ = {isa = PBXBuildFile; fileRef = 493E085B238BFC550079D893 /* BlockViewController.m */; };
		49415D75239A329900660C57 /* iOS_APITestViewController.m in Sources */ = {isa = PBXBuildFile; fileRef = 49415D74239A329900660C57 /* iOS_APITestViewController.m */; };
		49415D78239A5A0500660C57 /* NSExceptionManager.m in Sources */ = {isa = PBXBuildFile; fileRef = 49415D77239A5A0500660C57 /* NSExceptionManager.m */; };
		49415D7B239B92B500660C57 /* YYWeakProxy.m in Sources */ = {isa = PBXBuildFile; fileRef = 49415D7A239B92B500660C57 /* YYWeakProxy.m */; };
		4941C4C323A4C60E00C49D7E /* iOSAlgorithmTest.cpp in Sources */ = {isa = PBXBuildFile; fileRef = 4941C4C223A4C60E00C49D7E /* iOSAlgorithmTest.cpp */; };
		49437D3D2372DF17000C8C49 /* TextUreTestViewController.m in Sources */ = {isa = PBXBuildFile; fileRef = 49437D3C2372DF17000C8C49 /* TextUreTestViewController.m */; };
		4944358C23B3884F002B4742 /* MyListTest.cpp in Sources */ = {isa = PBXBuildFile; fileRef = 4944358A23B3884F002B4742 /* MyListTest.cpp */; };
		4945FBE723B10255002E9401 /* HashCTest.cpp in Sources */ = {isa = PBXBuildFile; fileRef = 4945FBE523B10255002E9401 /* HashCTest.cpp */; };
		4946D13923A5C5FD003DF518 /* TestBridgeViewController.m in Sources */ = {isa = PBXBuildFile; fileRef = 4946D13823A5C5FD003DF518 /* TestBridgeViewController.m */; };
		4946D13E23A625A2003DF518 /* OCAlgorithmTest.m in Sources */ = {isa = PBXBuildFile; fileRef = 4946D13D23A625A2003DF518 /* OCAlgorithmTest.m */; };
		4946D14223A67F0A003DF518 /* KVCTestClass.m in Sources */ = {isa = PBXBuildFile; fileRef = 4946D14123A67F0A003DF518 /* KVCTestClass.m */; };
		4946FAF423A0CD6600267FB0 /* CoreFoundation.framework in Frameworks */ = {isa = PBXBuildFile; fileRef = 4946FAF323A0CD6600267FB0 /* CoreFoundation.framework */; };
		494B95092B8B59AF0052DC1E /* NotificationTestViewController.m in Sources */ = {isa = PBXBuildFile; fileRef = 494B95082B8B59AF0052DC1E /* NotificationTestViewController.m */; };
		495CE754208224F3000EA0E8 /* AppDelegate.m in Sources */ = {isa = PBXBuildFile; fileRef = 495CE753208224F3000EA0E8 /* AppDelegate.m */; };
		495CE757208224F3000EA0E8 /* ViewController.m in Sources */ = {isa = PBXBuildFile; fileRef = 495CE756208224F3000EA0E8 /* ViewController.m */; };
		495CE75A208224F3000EA0E8 /* Main.storyboard in Resources */ = {isa = PBXBuildFile; fileRef = 495CE758208224F3000EA0E8 /* Main.storyboard */; };
		495CE75C208224F5000EA0E8 /* Assets.xcassets in Resources */ = {isa = PBXBuildFile; fileRef = 495CE75B208224F5000EA0E8 /* Assets.xcassets */; };
		495CE75F208224F5000EA0E8 /* LaunchScreen.storyboard in Resources */ = {isa = PBXBuildFile; fileRef = 495CE75D208224F5000EA0E8 /* LaunchScreen.storyboard */; };
		495CE762208224F5000EA0E8 /* main.m in Sources */ = {isa = PBXBuildFile; fileRef = 495CE761208224F5000EA0E8 /* main.m */; };
		4960E37A2615987200CF7CAB /* TestNSUseDefault.m in Sources */ = {isa = PBXBuildFile; fileRef = 4960E3792615987200CF7CAB /* TestNSUseDefault.m */; };
		4962F6AE2121863E00CB305F /* Person2.m in Sources */ = {isa = PBXBuildFile; fileRef = 4962F6AD2121863E00CB305F /* Person2.m */; };
		4962F6B12123FF1C00CB305F /* Car.m in Sources */ = {isa = PBXBuildFile; fileRef = 4962F6B02123FF1C00CB305F /* Car.m */; };
		4962F6B421251C3000CB305F /* Student1.m in Sources */ = {isa = PBXBuildFile; fileRef = 4962F6B321251C3000CB305F /* Student1.m */; };
		4962F6B72126CC5500CB305F /* RutimeMethodAndClassApi.m in Sources */ = {isa = PBXBuildFile; fileRef = 4962F6B62126CC5500CB305F /* RutimeMethodAndClassApi.m */; };
		4966B9E623A1EAEE00E02099 /* SortTest.cpp in Sources */ = {isa = PBXBuildFile; fileRef = 4966B9E523A1EAEE00E02099 /* SortTest.cpp */; };
		4966B9E823A1ED0100E02099 /* UIKit.framework in Frameworks */ = {isa = PBXBuildFile; fileRef = 4966B9E723A1ED0100E02099 /* UIKit.framework */; };
		4966B9EA23A1ED0700E02099 /* Foundation.framework in Frameworks */ = {isa = PBXBuildFile; fileRef = 4966B9E923A1ED0600E02099 /* Foundation.framework */; };
		4967EDE8235D493D00D7BCCF /* BinaryTreeNode.m in Sources */ = {isa = PBXBuildFile; fileRef = 4967EDE7235D493D00D7BCCF /* BinaryTreeNode.m */; };
		49749DE324A5FC7E0024E825 /* NSObject+tools.m in Sources */ = {isa = PBXBuildFile; fileRef = 49749DE224A5FC7E0024E825 /* NSObject+tools.m */; settings = {COMPILER_FLAGS = "-fno-objc-arc"; }; };
		4977E4E72B9706B800658FAA /* FirstViewController.m in Sources */ = {isa = PBXBuildFile; fileRef = 4977E4E62B9706B800658FAA /* FirstViewController.m */; };
		4977E4F12B9719AC00658FAA /* SecondViewController.m in Sources */ = {isa = PBXBuildFile; fileRef = 4977E4F02B9719AC00658FAA /* SecondViewController.m */; };
		4977E4F42B9719B700658FAA /* ThirdViewController.m in Sources */ = {isa = PBXBuildFile; fileRef = 4977E4F32B9719B700658FAA /* ThirdViewController.m */; };
		4990BAA1212FE8100044BCE1 /* WebPTestViewController.m in Sources */ = {isa = PBXBuildFile; fileRef = 4990BAA0212FE8100044BCE1 /* WebPTestViewController.m */; };
		4990BAA5212FF2610044BCE1 /* AFNetworkingTestViewController.m in Sources */ = {isa = PBXBuildFile; fileRef = 4990BAA4212FF2610044BCE1 /* AFNetworkingTestViewController.m */; };
		4990BF1621183AE80000ADC5 /* Person+Test.m in Sources */ = {isa = PBXBuildFile; fileRef = 4990BF1521183AE80000ADC5 /* Person+Test.m */; };
		4990BF1921183D4E0000ADC5 /* Person+Test2.m in Sources */ = {isa = PBXBuildFile; fileRef = 4990BF1821183D4E0000ADC5 /* Person+Test2.m */; };
		4990BF1E21196E410000ADC5 /* Student.m in Sources */ = {isa = PBXBuildFile; fileRef = 4990BF1D21196E410000ADC5 /* Student.m */; };
		4990BF2121196E730000ADC5 /* Student+Test.m in Sources */ = {isa = PBXBuildFile; fileRef = 4990BF2021196E730000ADC5 /* Student+Test.m */; };
		4990BF2821198EE10000ADC5 /* NSObject+addProperty.m in Sources */ = {isa = PBXBuildFile; fileRef = 4990BF2721198EE10000ADC5 /* NSObject+addProperty.m */; };
		4990BF2B211AD9330000ADC5 /* Person1.m in Sources */ = {isa = PBXBuildFile; fileRef = 4990BF2A211AD9330000ADC5 /* Person1.m */; };
		49934E33214798AD00DAB4D5 /* dusk@2x.png in Resources */ = {isa = PBXBuildFile; fileRef = 49934E31214798AD00DAB4D5 /* dusk@2x.png */; };
		49934E34214798AD00DAB4D5 /* dusk@3x.png in Resources */ = {isa = PBXBuildFile; fileRef = 49934E32214798AD00DAB4D5 /* dusk@3x.png */; };
		49934E372147991E00DAB4D5 /* leopard@2x.png in Resources */ = {isa = PBXBuildFile; fileRef = 49934E352147991E00DAB4D5 /* leopard@2x.png */; };
		49934E382147991E00DAB4D5 /* leopard@3x.png in Resources */ = {isa = PBXBuildFile; fileRef = 49934E362147991E00DAB4D5 /* leopard@3x.png */; };
		49934E3B21479A4C00DAB4D5 /* ChangeAppIconViewController.m in Sources */ = {isa = PBXBuildFile; fileRef = 49934E3A21479A4C00DAB4D5 /* ChangeAppIconViewController.m */; };
		499364672E44AB2400BC350C /* ConcreteProductB.m in Sources */ = {isa = PBXBuildFile; fileRef = 499364622E44AB2300BC350C /* ConcreteProductB.m */; };
		499364682E44AB2400BC350C /* Client.m in Sources */ = {isa = PBXBuildFile; fileRef = 499364632E44AB2300BC350C /* Client.m */; };
		499364692E44AB2400BC350C /* ConcreteProductA.m in Sources */ = {isa = PBXBuildFile; fileRef = 499364652E44AB2400BC350C /* ConcreteProductA.m */; };
		4993646A2E44AB2400BC350C /* SimpleFactory.m in Sources */ = {isa = PBXBuildFile; fileRef = 499364662E44AB2400BC350C /* SimpleFactory.m */; };
		4993646F2E44AE7200BC350C /* ConcreteFactoryA.m in Sources */ = {isa = PBXBuildFile; fileRef = 4993646B2E44AE7200BC350C /* ConcreteFactoryA.m */; };
		499364702E44AE7200BC350C /* ConcreteFactoryB.m in Sources */ = {isa = PBXBuildFile; fileRef = 4993646C2E44AE7200BC350C /* ConcreteFactoryB.m */; };
		499364772E44BBEA00BC350C /* User.m in Sources */ = {isa = PBXBuildFile; fileRef = 499364752E44BBEA00BC350C /* User.m */; };
		499364882E459C4700BC350C /* Tea.m in Sources */ = {isa = PBXBuildFile; fileRef = 499364812E459C4600BC350C /* Tea.m */; };
		499364892E459C4700BC350C /* Beverage.m in Sources */ = {isa = PBXBuildFile; fileRef = 499364822E459C4600BC350C /* Beverage.m */; };
		4993648B2E459C4700BC350C /* Coffee.m in Sources */ = {isa = PBXBuildFile; fileRef = 499364842E459C4700BC350C /* Coffee.m */; };
		499836202B9D392400613369 /* SecondVCTableViewCell.m in Sources */ = {isa = PBXBuildFile; fileRef = 4998361F2B9D392400613369 /* SecondVCTableViewCell.m */; };
		499836232B9D42D700613369 /* CommonDataModel.m in Sources */ = {isa = PBXBuildFile; fileRef = 499836222B9D42D700613369 /* CommonDataModel.m */; };
		499836252B9D7A6800613369 /* README.md in Resources */ = {isa = PBXBuildFile; fileRef = 499836242B9D7A6800613369 /* README.md */; };
		499836292B9DF1E200613369 /* FirstVCCollectionViewCell.m in Sources */ = {isa = PBXBuildFile; fileRef = 499836272B9DF1E200613369 /* FirstVCCollectionViewCell.m */; };
		4998362A2B9DF1E200613369 /* FirstVCCollectionViewCell.xib in Resources */ = {isa = PBXBuildFile; fileRef = 499836282B9DF1E200613369 /* FirstVCCollectionViewCell.xib */; };
		4998362E2B9F3FFD00613369 /* DeviceManager.m in Sources */ = {isa = PBXBuildFile; fileRef = 4998362D2B9F3FFD00613369 /* DeviceManager.m */; };
		499FBF532108669D00E08F8C /* NSObjectTestView.m in Sources */ = {isa = PBXBuildFile; fileRef = 499FBF522108669D00E08F8C /* NSObjectTestView.m */; };
		499FBF622110551300E08F8C /* KVOExploreViewController.m in Sources */ = {isa = PBXBuildFile; fileRef = 499FBF612110551300E08F8C /* KVOExploreViewController.m */; };
		499FBF692112A7D000E08F8C /* RunloopTestViewController.m in Sources */ = {isa = PBXBuildFile; fileRef = 499FBF682112A7D000E08F8C /* RunloopTestViewController.m */; };
		49B91E6220FC671E00FC4892 /* TestBlock.m in Sources */ = {isa = PBXBuildFile; fileRef = 49B91E6120FC671E00FC4892 /* TestBlock.m */; };
		49C7497420AD74DC009DC12D /* TableViewCell.m in Sources */ = {isa = PBXBuildFile; fileRef = 49C7497320AD74DC009DC12D /* TableViewCell.m */; };
		49C7497720AD77FF009DC12D /* SubTableViewCell.m in Sources */ = {isa = PBXBuildFile; fileRef = 49C7497620AD77FF009DC12D /* SubTableViewCell.m */; };
		49CB9DBE25E796B30006F119 /* SafeQuestionLockViewController.m in Sources */ = {isa = PBXBuildFile; fileRef = 49CB9D9D25E796B20006F119 /* SafeQuestionLockViewController.m */; };
		49CB9DBF25E796B30006F119 /* Thread&RunloopViewController.m in Sources */ = {isa = PBXBuildFile; fileRef = 49CB9DA025E796B30006F119 /* Thread&RunloopViewController.m */; };
		49CB9DC025E796B30006F119 /* DispatchGroupViewController.m in Sources */ = {isa = PBXBuildFile; fileRef = 49CB9DA425E796B30006F119 /* DispatchGroupViewController.m */; };
		49CB9DC125E796B30006F119 /* Sync&ASyncViewController.m in Sources */ = {isa = PBXBuildFile; fileRef = 49CB9DA625E796B30006F119 /* Sync&ASyncViewController.m */; };
		49CB9DC225E796B30006F119 /* DispatchAPITestViewController.m in Sources */ = {isa = PBXBuildFile; fileRef = 49CB9DAA25E796B30006F119 /* DispatchAPITestViewController.m */; };
		49CB9DC325E796B30006F119 /* SafeQuestionViewController.m in Sources */ = {isa = PBXBuildFile; fileRef = 49CB9DAD25E796B30006F119 /* SafeQuestionViewController.m */; };
		49CB9DC425E796B30006F119 /* SafeReadWriteViewController.m in Sources */ = {isa = PBXBuildFile; fileRef = 49CB9DAF25E796B30006F119 /* SafeReadWriteViewController.m */; };
		49E792332609BA51004A006B /* OSSpinLockDemo.m in Sources */ = {isa = PBXBuildFile; fileRef = 49E7921B2609BA4F004A006B /* OSSpinLockDemo.m */; };
		49E792342609BA51004A006B /* MutexDemo.m in Sources */ = {isa = PBXBuildFile; fileRef = 49E7921C2609BA4F004A006B /* MutexDemo.m */; };
		49E792352609BA51004A006B /* OSUnfairLockDemo.m in Sources */ = {isa = PBXBuildFile; fileRef = 49E7921D2609BA50004A006B /* OSUnfairLockDemo.m */; };
		49E792362609BA51004A006B /* MJBaseDemo.m in Sources */ = {isa = PBXBuildFile; fileRef = 49E7921F2609BA50004A006B /* MJBaseDemo.m */; };
		49E792372609BA51004A006B /* MutexDemo3.m in Sources */ = {isa = PBXBuildFile; fileRef = 49E792212609BA50004A006B /* MutexDemo3.m */; };
		49E792382609BA51004A006B /* MutexDemo2.m in Sources */ = {isa = PBXBuildFile; fileRef = 49E792222609BA50004A006B /* MutexDemo2.m */; };
		49E792392609BA51004A006B /* NSConditionLockDemo.m in Sources */ = {isa = PBXBuildFile; fileRef = 49E792232609BA50004A006B /* NSConditionLockDemo.m */; };
		49E7923A2609BA51004A006B /* SerialQueueDemo.m in Sources */ = {isa = PBXBuildFile; fileRef = 49E792242609BA50004A006B /* SerialQueueDemo.m */; };
		49E7923B2609BA51004A006B /* SemaphoreDemo.m in Sources */ = {isa = PBXBuildFile; fileRef = 49E792252609BA50004A006B /* SemaphoreDemo.m */; };
		49E7923C2609BA51004A006B /* NSConditionDemo.m in Sources */ = {isa = PBXBuildFile; fileRef = 49E792272609BA50004A006B /* NSConditionDemo.m */; };
		49E7923D2609BA51004A006B /* NSLockDemo.m in Sources */ = {isa = PBXBuildFile; fileRef = 49E792282609BA50004A006B /* NSLockDemo.m */; };
		49E7923E2609BA51004A006B /* OSSpinLockDemo2.m in Sources */ = {isa = PBXBuildFile; fileRef = 49E7922B2609BA50004A006B /* OSSpinLockDemo2.m */; };
		49E7923F2609BA51004A006B /* SynchronizedDemo.m in Sources */ = {isa = PBXBuildFile; fileRef = 49E792312609BA50004A006B /* SynchronizedDemo.m */; };
		A65317C0F21C3B27266DD3EC /* libPods-Test.a in Frameworks */ = {isa = PBXBuildFile; fileRef = 19BC9BA4508E81CCE1B1B4B9 /* libPods-Test.a */; };
/* End PBXBuildFile section */

/* Begin PBXFileReference section */
		19BC9BA4508E81CCE1B1B4B9 /* libPods-Test.a */ = {isa = PBXFileReference; explicitFileType = archive.ar; includeInIndex = 0; path = "libPods-Test.a"; sourceTree = BUILT_PRODUCTS_DIR; };
		491A0F2124AF448700CC4189 /* TestAViewController.h */ = {isa = PBXFileReference; lastKnownFileType = sourcecode.c.h; path = TestAViewController.h; sourceTree = "<group>"; };
		491A0F2224AF448700CC4189 /* TestAViewController.m */ = {isa = PBXFileReference; lastKnownFileType = sourcecode.c.objc; path = TestAViewController.m; sourceTree = "<group>"; };
		491A0F2424AF44A200CC4189 /* TestBViewController.h */ = {isa = PBXFileReference; lastKnownFileType = sourcecode.c.h; path = TestBViewController.h; sourceTree = "<group>"; };
		491A0F2524AF44A200CC4189 /* TestBViewController.m */ = {isa = PBXFileReference; lastKnownFileType = sourcecode.c.objc; path = TestBViewController.m; sourceTree = "<group>"; };
		491A0F2724AF44AB00CC4189 /* TestCViewController.h */ = {isa = PBXFileReference; lastKnownFileType = sourcecode.c.h; path = TestCViewController.h; sourceTree = "<group>"; };
		491A0F2824AF44AB00CC4189 /* TestCViewController.m */ = {isa = PBXFileReference; lastKnownFileType = sourcecode.c.objc; path = TestCViewController.m; sourceTree = "<group>"; };
		492554A5239DF4070008D6EF /* SDWebImageTestViewController.h */ = {isa = PBXFileReference; lastKnownFileType = sourcecode.c.h; path = SDWebImageTestViewController.h; sourceTree = "<group>"; };
		492554A6239DF4070008D6EF /* SDWebImageTestViewController.m */ = {isa = PBXFileReference; lastKnownFileType = sourcecode.c.objc; path = SDWebImageTestViewController.m; sourceTree = "<group>"; };
		492E19722E3B2F4900747694 /* test01.cpp */ = {isa = PBXFileReference; fileEncoding = 4; lastKnownFileType = sourcecode.cpp.cpp; path = test01.cpp; sourceTree = "<group>"; };
		492E19742E3B54BF00747694 /* NSObject+HashTable.h */ = {isa = PBXFileReference; lastKnownFileType = sourcecode.c.h; path = "NSObject+HashTable.h"; sourceTree = "<group>"; };
		492E19752E3B54BF00747694 /* NSObject+HashTable.m */ = {isa = PBXFileReference; lastKnownFileType = sourcecode.c.objc; path = "NSObject+HashTable.m"; sourceTree = "<group>"; };
		492E19782E42086700747694 /* StrategyMode.h */ = {isa = PBXFileReference; lastKnownFileType = sourcecode.c.h; path = StrategyMode.h; sourceTree = "<group>"; };
		492E19792E42086700747694 /* StrategyMode.m */ = {isa = PBXFileReference; lastKnownFileType = sourcecode.c.objc; path = StrategyMode.m; sourceTree = "<group>"; };
		492E197B2E433EF000747694 /* Strategy.md */ = {isa = PBXFileReference; fileEncoding = 4; lastKnownFileType = net.daringfireball.markdown; path = Strategy.md; sourceTree = "<group>"; };
		492E19832E43523800747694 /* DecortorPerson.h */ = {isa = PBXFileReference; lastKnownFileType = sourcecode.c.h; path = DecortorPerson.h; sourceTree = "<group>"; };
		492E19842E43523800747694 /* DecortorPerson.m */ = {isa = PBXFileReference; lastKnownFileType = sourcecode.c.objc; path = DecortorPerson.m; sourceTree = "<group>"; };
		492E19862E43525900747694 /* Decorator.md */ = {isa = PBXFileReference; fileEncoding = 4; lastKnownFileType = net.daringfireball.markdown; path = Decorator.md; sourceTree = "<group>"; };
		492E19882E43553400747694 /* Finery.h */ = {isa = PBXFileReference; lastKnownFileType = sourcecode.c.h; path = Finery.h; sourceTree = "<group>"; };
		492E19892E43553400747694 /* Finery.m */ = {isa = PBXFileReference; lastKnownFileType = sourcecode.c.objc; path = Finery.m; sourceTree = "<group>"; };
		492E198B2E43768300747694 /* Person.m */ = {isa = PBXFileReference; fileEncoding = 4; lastKnownFileType = sourcecode.c.objc; path = Person.m; sourceTree = "<group>"; };
		492E198C2E43768300747694 /* Person.h */ = {isa = PBXFileReference; fileEncoding = 4; lastKnownFileType = sourcecode.c.h; path = Person.h; sourceTree = "<group>"; };
		492E198E2E4389A400747694 /* Agent.h */ = {isa = PBXFileReference; lastKnownFileType = sourcecode.c.h; path = Agent.h; sourceTree = "<group>"; };
		492E198F2E4389A400747694 /* MovieStar.h */ = {isa = PBXFileReference; lastKnownFileType = sourcecode.c.h; path = MovieStar.h; sourceTree = "<group>"; };
		492E19902E4389A400747694 /* StarProtocol.h */ = {isa = PBXFileReference; lastKnownFileType = sourcecode.c.h; path = StarProtocol.h; sourceTree = "<group>"; };
		493904AB25F2516A00C8C209 /* OCLockTestViewController.h */ = {isa = PBXFileReference; lastKnownFileType = sourcecode.c.h; path = OCLockTestViewController.h; sourceTree = "<group>"; };
		493904AC25F2516A00C8C209 /* OCLockTestViewController.m */ = {isa = PBXFileReference; lastKnownFileType = sourcecode.c.objc; path = OCLockTestViewController.m; sourceTree = "<group>"; };
		493904B125F3179800C8C209 /* StrongCopyWeakTest.h */ = {isa = PBXFileReference; lastKnownFileType = sourcecode.c.h; path = StrongCopyWeakTest.h; sourceTree = "<group>"; };
		493904B225F3179800C8C209 /* StrongCopyWeakTest.m */ = {isa = PBXFileReference; lastKnownFileType = sourcecode.c.objc; path = StrongCopyWeakTest.m; sourceTree = "<group>"; };
		493AE7BA23ACBDA800BDDACC /* SignalModelTest.h */ = {isa = PBXFileReference; lastKnownFileType = sourcecode.c.h; path = SignalModelTest.h; sourceTree = "<group>"; };
		493AE7BB23ACBDA800BDDACC /* SignalModelTest.m */ = {isa = PBXFileReference; lastKnownFileType = sourcecode.c.objc; path = SignalModelTest.m; sourceTree = "<group>"; };
		493CBED923A72F7600694F6E /* Book.h */ = {isa = PBXFileReference; lastKnownFileType = sourcecode.c.h; path = Book.h; sourceTree = "<group>"; };
		493CBEDA23A72F7600694F6E /* Book.m */ = {isa = PBXFileReference; lastKnownFileType = sourcecode.c.objc; path = Book.m; sourceTree = "<group>"; };
		493E0855238BCBED0079D893 /* DelegateViewController.h */ = {isa = PBXFileReference; lastKnownFileType = sourcecode.c.h; path = DelegateViewController.h; sourceTree = "<group>"; };
		493E0856238BCBED0079D893 /* DelegateViewController.m */ = {isa = PBXFileReference; lastKnownFileType = sourcecode.c.objc; path = DelegateViewController.m; sourceTree = "<group>"; };
		493E085A238BFC550079D893 /* BlockViewController.h */ = {isa = PBXFileReference; lastKnownFileType = sourcecode.c.h; path = BlockViewController.h; sourceTree = "<group>"; };
		493E085B238BFC550079D893 /* BlockViewController.m */ = {isa = PBXFileReference; lastKnownFileType = sourcecode.c.objc; path = BlockViewController.m; sourceTree = "<group>"; };
		49415D73239A329900660C57 /* iOS_APITestViewController.h */ = {isa = PBXFileReference; lastKnownFileType = sourcecode.c.h; path = iOS_APITestViewController.h; sourceTree = "<group>"; };
		49415D74239A329900660C57 /* iOS_APITestViewController.m */ = {isa = PBXFileReference; lastKnownFileType = sourcecode.c.objc; path = iOS_APITestViewController.m; sourceTree = "<group>"; };
		49415D76239A5A0500660C57 /* NSExceptionManager.h */ = {isa = PBXFileReference; lastKnownFileType = sourcecode.c.h; path = NSExceptionManager.h; sourceTree = "<group>"; };
		49415D77239A5A0500660C57 /* NSExceptionManager.m */ = {isa = PBXFileReference; lastKnownFileType = sourcecode.c.objc; path = NSExceptionManager.m; sourceTree = "<group>"; };
		49415D79239B92B500660C57 /* YYWeakProxy.h */ = {isa = PBXFileReference; lastKnownFileType = sourcecode.c.h; path = YYWeakProxy.h; sourceTree = "<group>"; };
		49415D7A239B92B500660C57 /* YYWeakProxy.m */ = {isa = PBXFileReference; lastKnownFileType = sourcecode.c.objc; path = YYWeakProxy.m; sourceTree = "<group>"; };
		4941C4C223A4C60E00C49D7E /* iOSAlgorithmTest.cpp */ = {isa = PBXFileReference; lastKnownFileType = sourcecode.cpp.cpp; path = iOSAlgorithmTest.cpp; sourceTree = "<group>"; };
		49437D3B2372DF17000C8C49 /* TextUreTestViewController.h */ = {isa = PBXFileReference; lastKnownFileType = sourcecode.c.h; path = TextUreTestViewController.h; sourceTree = "<group>"; };
		49437D3C2372DF17000C8C49 /* TextUreTestViewController.m */ = {isa = PBXFileReference; lastKnownFileType = sourcecode.c.objc; path = TextUreTestViewController.m; sourceTree = "<group>"; };
		4944358A23B3884F002B4742 /* MyListTest.cpp */ = {isa = PBXFileReference; lastKnownFileType = sourcecode.cpp.cpp; path = MyListTest.cpp; sourceTree = "<group>"; };
		4944358B23B3884F002B4742 /* MyListTest.hpp */ = {isa = PBXFileReference; lastKnownFileType = sourcecode.cpp.h; path = MyListTest.hpp; sourceTree = "<group>"; };
		4945FBE523B10255002E9401 /* HashCTest.cpp */ = {isa = PBXFileReference; lastKnownFileType = sourcecode.cpp.cpp; path = HashCTest.cpp; sourceTree = "<group>"; };
		4945FBE623B10255002E9401 /* HashCTest.hpp */ = {isa = PBXFileReference; lastKnownFileType = sourcecode.cpp.h; path = HashCTest.hpp; sourceTree = "<group>"; };
		4946D13723A5C5FD003DF518 /* TestBridgeViewController.h */ = {isa = PBXFileReference; lastKnownFileType = sourcecode.c.h; path = TestBridgeViewController.h; sourceTree = "<group>"; };
		4946D13823A5C5FD003DF518 /* TestBridgeViewController.m */ = {isa = PBXFileReference; lastKnownFileType = sourcecode.c.objc; path = TestBridgeViewController.m; sourceTree = "<group>"; };
		4946D13C23A625A2003DF518 /* OCAlgorithmTest.h */ = {isa = PBXFileReference; lastKnownFileType = sourcecode.c.h; path = OCAlgorithmTest.h; sourceTree = "<group>"; };
		4946D13D23A625A2003DF518 /* OCAlgorithmTest.m */ = {isa = PBXFileReference; lastKnownFileType = sourcecode.c.objc; path = OCAlgorithmTest.m; sourceTree = "<group>"; };
		4946D14023A67F0A003DF518 /* KVCTestClass.h */ = {isa = PBXFileReference; lastKnownFileType = sourcecode.c.h; path = KVCTestClass.h; sourceTree = "<group>"; };
		4946D14123A67F0A003DF518 /* KVCTestClass.m */ = {isa = PBXFileReference; lastKnownFileType = sourcecode.c.objc; path = KVCTestClass.m; sourceTree = "<group>"; };
		4946FAF323A0CD6600267FB0 /* CoreFoundation.framework */ = {isa = PBXFileReference; lastKnownFileType = wrapper.framework; name = CoreFoundation.framework; path = System/Library/Frameworks/CoreFoundation.framework; sourceTree = SDKROOT; };
		494B95072B8B59AF0052DC1E /* NotificationTestViewController.h */ = {isa = PBXFileReference; lastKnownFileType = sourcecode.c.h; path = NotificationTestViewController.h; sourceTree = "<group>"; };
		494B95082B8B59AF0052DC1E /* NotificationTestViewController.m */ = {isa = PBXFileReference; lastKnownFileType = sourcecode.c.objc; path = NotificationTestViewController.m; sourceTree = "<group>"; };
		495CE74F208224F3000EA0E8 /* Test.app */ = {isa = PBXFileReference; explicitFileType = wrapper.application; includeInIndex = 0; path = Test.app; sourceTree = BUILT_PRODUCTS_DIR; };
		495CE752208224F3000EA0E8 /* AppDelegate.h */ = {isa = PBXFileReference; lastKnownFileType = sourcecode.c.h; path = AppDelegate.h; sourceTree = "<group>"; };
		495CE753208224F3000EA0E8 /* AppDelegate.m */ = {isa = PBXFileReference; lastKnownFileType = sourcecode.c.objc; path = AppDelegate.m; sourceTree = "<group>"; };
		495CE755208224F3000EA0E8 /* ViewController.h */ = {isa = PBXFileReference; lastKnownFileType = sourcecode.c.h; path = ViewController.h; sourceTree = "<group>"; };
		495CE756208224F3000EA0E8 /* ViewController.m */ = {isa = PBXFileReference; lastKnownFileType = sourcecode.c.objc; path = ViewController.m; sourceTree = "<group>"; };
		495CE759208224F3000EA0E8 /* Base */ = {isa = PBXFileReference; lastKnownFileType = file.storyboard; name = Base; path = Base.lproj/Main.storyboard; sourceTree = "<group>"; };
		495CE75B208224F5000EA0E8 /* Assets.xcassets */ = {isa = PBXFileReference; lastKnownFileType = folder.assetcatalog; path = Assets.xcassets; sourceTree = "<group>"; };
		495CE75E208224F5000EA0E8 /* Base */ = {isa = PBXFileReference; lastKnownFileType = file.storyboard; name = Base; path = Base.lproj/LaunchScreen.storyboard; sourceTree = "<group>"; };
		495CE760208224F5000EA0E8 /* Info.plist */ = {isa = PBXFileReference; lastKnownFileType = text.plist.xml; path = Info.plist; sourceTree = "<group>"; };
		495CE761208224F5000EA0E8 /* main.m */ = {isa = PBXFileReference; lastKnownFileType = sourcecode.c.objc; path = main.m; sourceTree = "<group>"; };
		4960E3782615987200CF7CAB /* TestNSUseDefault.h */ = {isa = PBXFileReference; lastKnownFileType = sourcecode.c.h; path = TestNSUseDefault.h; sourceTree = "<group>"; };
		4960E3792615987200CF7CAB /* TestNSUseDefault.m */ = {isa = PBXFileReference; lastKnownFileType = sourcecode.c.objc; path = TestNSUseDefault.m; sourceTree = "<group>"; };
		4962F6AC2121863E00CB305F /* Person2.h */ = {isa = PBXFileReference; lastKnownFileType = sourcecode.c.h; path = Person2.h; sourceTree = "<group>"; };
		4962F6AD2121863E00CB305F /* Person2.m */ = {isa = PBXFileReference; lastKnownFileType = sourcecode.c.objc; path = Person2.m; sourceTree = "<group>"; };
		4962F6AF2123FF1B00CB305F /* Car.h */ = {isa = PBXFileReference; lastKnownFileType = sourcecode.c.h; path = Car.h; sourceTree = "<group>"; };
		4962F6B02123FF1C00CB305F /* Car.m */ = {isa = PBXFileReference; lastKnownFileType = sourcecode.c.objc; path = Car.m; sourceTree = "<group>"; };
		4962F6B221251C3000CB305F /* Student1.h */ = {isa = PBXFileReference; lastKnownFileType = sourcecode.c.h; path = Student1.h; sourceTree = "<group>"; };
		4962F6B321251C3000CB305F /* Student1.m */ = {isa = PBXFileReference; lastKnownFileType = sourcecode.c.objc; path = Student1.m; sourceTree = "<group>"; };
		4962F6B52126CC5500CB305F /* RutimeMethodAndClassApi.h */ = {isa = PBXFileReference; lastKnownFileType = sourcecode.c.h; path = RutimeMethodAndClassApi.h; sourceTree = "<group>"; };
		4962F6B62126CC5500CB305F /* RutimeMethodAndClassApi.m */ = {isa = PBXFileReference; lastKnownFileType = sourcecode.c.objc; path = RutimeMethodAndClassApi.m; sourceTree = "<group>"; };
		4966B9E523A1EAEE00E02099 /* SortTest.cpp */ = {isa = PBXFileReference; fileEncoding = 4; lastKnownFileType = sourcecode.cpp.cpp; path = SortTest.cpp; sourceTree = "<group>"; };
		4966B9E723A1ED0100E02099 /* UIKit.framework */ = {isa = PBXFileReference; lastKnownFileType = wrapper.framework; name = UIKit.framework; path = System/Library/Frameworks/UIKit.framework; sourceTree = SDKROOT; };
		4966B9E923A1ED0600E02099 /* Foundation.framework */ = {isa = PBXFileReference; lastKnownFileType = wrapper.framework; name = Foundation.framework; path = System/Library/Frameworks/Foundation.framework; sourceTree = SDKROOT; };
		4967EDE6235D493D00D7BCCF /* BinaryTreeNode.h */ = {isa = PBXFileReference; lastKnownFileType = sourcecode.c.h; path = BinaryTreeNode.h; sourceTree = "<group>"; };
		4967EDE7235D493D00D7BCCF /* BinaryTreeNode.m */ = {isa = PBXFileReference; lastKnownFileType = sourcecode.c.objc; path = BinaryTreeNode.m; sourceTree = "<group>"; };
		49749DE124A5FC7E0024E825 /* NSObject+tools.h */ = {isa = PBXFileReference; lastKnownFileType = sourcecode.c.h; path = "NSObject+tools.h"; sourceTree = "<group>"; };
		49749DE224A5FC7E0024E825 /* NSObject+tools.m */ = {isa = PBXFileReference; lastKnownFileType = sourcecode.c.objc; path = "NSObject+tools.m"; sourceTree = "<group>"; };
		4977E4E52B9706B800658FAA /* FirstViewController.h */ = {isa = PBXFileReference; lastKnownFileType = sourcecode.c.h; path = FirstViewController.h; sourceTree = "<group>"; };
		4977E4E62B9706B800658FAA /* FirstViewController.m */ = {isa = PBXFileReference; lastKnownFileType = sourcecode.c.objc; path = FirstViewController.m; sourceTree = "<group>"; };
		4977E4EE2B97129400658FAA /* UIConstValue.h */ = {isa = PBXFileReference; lastKnownFileType = sourcecode.c.h; path = UIConstValue.h; sourceTree = "<group>"; };
		4977E4EF2B9719AC00658FAA /* SecondViewController.h */ = {isa = PBXFileReference; lastKnownFileType = sourcecode.c.h; path = SecondViewController.h; sourceTree = "<group>"; };
		4977E4F02B9719AC00658FAA /* SecondViewController.m */ = {isa = PBXFileReference; lastKnownFileType = sourcecode.c.objc; path = SecondViewController.m; sourceTree = "<group>"; };
		4977E4F22B9719B700658FAA /* ThirdViewController.h */ = {isa = PBXFileReference; lastKnownFileType = sourcecode.c.h; path = ThirdViewController.h; sourceTree = "<group>"; };
		4977E4F32B9719B700658FAA /* ThirdViewController.m */ = {isa = PBXFileReference; lastKnownFileType = sourcecode.c.objc; path = ThirdViewController.m; sourceTree = "<group>"; };
		4990BA9F212FE8100044BCE1 /* WebPTestViewController.h */ = {isa = PBXFileReference; lastKnownFileType = sourcecode.c.h; path = WebPTestViewController.h; sourceTree = "<group>"; };
		4990BAA0212FE8100044BCE1 /* WebPTestViewController.m */ = {isa = PBXFileReference; lastKnownFileType = sourcecode.c.objc; path = WebPTestViewController.m; sourceTree = "<group>"; };
		4990BAA3212FF2610044BCE1 /* AFNetworkingTestViewController.h */ = {isa = PBXFileReference; lastKnownFileType = sourcecode.c.h; path = AFNetworkingTestViewController.h; sourceTree = "<group>"; };
		4990BAA4212FF2610044BCE1 /* AFNetworkingTestViewController.m */ = {isa = PBXFileReference; lastKnownFileType = sourcecode.c.objc; path = AFNetworkingTestViewController.m; sourceTree = "<group>"; };
		4990BF1421183AE80000ADC5 /* Person+Test.h */ = {isa = PBXFileReference; lastKnownFileType = sourcecode.c.h; path = "Person+Test.h"; sourceTree = "<group>"; };
		4990BF1521183AE80000ADC5 /* Person+Test.m */ = {isa = PBXFileReference; lastKnownFileType = sourcecode.c.objc; path = "Person+Test.m"; sourceTree = "<group>"; };
		4990BF1721183D4E0000ADC5 /* Person+Test2.h */ = {isa = PBXFileReference; lastKnownFileType = sourcecode.c.h; path = "Person+Test2.h"; sourceTree = "<group>"; };
		4990BF1821183D4E0000ADC5 /* Person+Test2.m */ = {isa = PBXFileReference; lastKnownFileType = sourcecode.c.objc; path = "Person+Test2.m"; sourceTree = "<group>"; };
		4990BF1C21196E410000ADC5 /* Student.h */ = {isa = PBXFileReference; lastKnownFileType = sourcecode.c.h; path = Student.h; sourceTree = "<group>"; };
		4990BF1D21196E410000ADC5 /* Student.m */ = {isa = PBXFileReference; lastKnownFileType = sourcecode.c.objc; path = Student.m; sourceTree = "<group>"; };
		4990BF1F21196E730000ADC5 /* Student+Test.h */ = {isa = PBXFileReference; lastKnownFileType = sourcecode.c.h; path = "Student+Test.h"; sourceTree = "<group>"; };
		4990BF2021196E730000ADC5 /* Student+Test.m */ = {isa = PBXFileReference; lastKnownFileType = sourcecode.c.objc; path = "Student+Test.m"; sourceTree = "<group>"; };
		4990BF2621198EE10000ADC5 /* NSObject+addProperty.h */ = {isa = PBXFileReference; lastKnownFileType = sourcecode.c.h; path = "NSObject+addProperty.h"; sourceTree = "<group>"; };
		4990BF2721198EE10000ADC5 /* NSObject+addProperty.m */ = {isa = PBXFileReference; lastKnownFileType = sourcecode.c.objc; path = "NSObject+addProperty.m"; sourceTree = "<group>"; };
		4990BF29211AD9330000ADC5 /* Person1.h */ = {isa = PBXFileReference; lastKnownFileType = sourcecode.c.h; path = Person1.h; sourceTree = "<group>"; };
		4990BF2A211AD9330000ADC5 /* Person1.m */ = {isa = PBXFileReference; lastKnownFileType = sourcecode.c.objc; path = Person1.m; sourceTree = "<group>"; };
		49934E31214798AD00DAB4D5 /* dusk@2x.png */ = {isa = PBXFileReference; lastKnownFileType = image.png; path = "dusk@2x.png"; sourceTree = "<group>"; };
		49934E32214798AD00DAB4D5 /* dusk@3x.png */ = {isa = PBXFileReference; lastKnownFileType = image.png; path = "dusk@3x.png"; sourceTree = "<group>"; };
		49934E352147991E00DAB4D5 /* leopard@2x.png */ = {isa = PBXFileReference; lastKnownFileType = image.png; path = "leopard@2x.png"; sourceTree = "<group>"; };
		49934E362147991E00DAB4D5 /* leopard@3x.png */ = {isa = PBXFileReference; lastKnownFileType = image.png; path = "leopard@3x.png"; sourceTree = "<group>"; };
		49934E3921479A4C00DAB4D5 /* ChangeAppIconViewController.h */ = {isa = PBXFileReference; lastKnownFileType = sourcecode.c.h; path = ChangeAppIconViewController.h; sourceTree = "<group>"; };
		49934E3A21479A4C00DAB4D5 /* ChangeAppIconViewController.m */ = {isa = PBXFileReference; lastKnownFileType = sourcecode.c.objc; path = ChangeAppIconViewController.m; sourceTree = "<group>"; };
		49934E3C21479C2900DAB4D5 /* Test.pch */ = {isa = PBXFileReference; lastKnownFileType = sourcecode.c.h; path = Test.pch; sourceTree = "<group>"; };
		4993645F2E44AB2300BC350C /* ConcreteProductB.h */ = {isa = PBXFileReference; fileEncoding = 4; lastKnownFileType = sourcecode.c.h; path = ConcreteProductB.h; sourceTree = "<group>"; };
		499364602E44AB2300BC350C /* Product.h */ = {isa = PBXFileReference; fileEncoding = 4; lastKnownFileType = sourcecode.c.h; path = Product.h; sourceTree = "<group>"; };
		499364612E44AB2300BC350C /* SimpleFactory.h */ = {isa = PBXFileReference; fileEncoding = 4; lastKnownFileType = sourcecode.c.h; path = SimpleFactory.h; sourceTree = "<group>"; };
		499364622E44AB2300BC350C /* ConcreteProductB.m */ = {isa = PBXFileReference; fileEncoding = 4; lastKnownFileType = sourcecode.c.objc; path = ConcreteProductB.m; sourceTree = "<group>"; };
		499364632E44AB2300BC350C /* Client.m */ = {isa = PBXFileReference; fileEncoding = 4; lastKnownFileType = sourcecode.c.objc; path = Client.m; sourceTree = "<group>"; };
		499364642E44AB2400BC350C /* ConcreteProductA.h */ = {isa = PBXFileReference; fileEncoding = 4; lastKnownFileType = sourcecode.c.h; path = ConcreteProductA.h; sourceTree = "<group>"; };
		499364652E44AB2400BC350C /* ConcreteProductA.m */ = {isa = PBXFileReference; fileEncoding = 4; lastKnownFileType = sourcecode.c.objc; path = ConcreteProductA.m; sourceTree = "<group>"; };
		499364662E44AB2400BC350C /* SimpleFactory.m */ = {isa = PBXFileReference; fileEncoding = 4; lastKnownFileType = sourcecode.c.objc; path = SimpleFactory.m; sourceTree = "<group>"; };
		4993646B2E44AE7200BC350C /* ConcreteFactoryA.m */ = {isa = PBXFileReference; fileEncoding = 4; lastKnownFileType = sourcecode.c.objc; path = ConcreteFactoryA.m; sourceTree = "<group>"; };
		4993646C2E44AE7200BC350C /* ConcreteFactoryB.m */ = {isa = PBXFileReference; fileEncoding = 4; lastKnownFileType = sourcecode.c.objc; path = ConcreteFactoryB.m; sourceTree = "<group>"; };
		4993646D2E44AE7200BC350C /* ConcreteFactoryA.h */ = {isa = PBXFileReference; fileEncoding = 4; lastKnownFileType = sourcecode.c.h; path = ConcreteFactoryA.h; sourceTree = "<group>"; };
		4993646E2E44AE7200BC350C /* ConcreteFactoryB.h */ = {isa = PBXFileReference; fileEncoding = 4; lastKnownFileType = sourcecode.c.h; path = ConcreteFactoryB.h; sourceTree = "<group>"; };
		499364712E44AE9D00BC350C /* Factory.h */ = {isa = PBXFileReference; lastKnownFileType = sourcecode.c.h; path = Factory.h; sourceTree = "<group>"; };
		499364742E44BBEA00BC350C /* User.h */ = {isa = PBXFileReference; fileEncoding = 4; lastKnownFileType = sourcecode.c.h; path = User.h; sourceTree = "<group>"; };
		499364752E44BBEA00BC350C /* User.m */ = {isa = PBXFileReference; fileEncoding = 4; lastKnownFileType = sourcecode.c.objc; path = User.m; sourceTree = "<group>"; };
		4993647B2E44C3D700BC350C /* PrototypeModeTest.h */ = {isa = PBXFileReference; fileEncoding = 4; lastKnownFileType = sourcecode.c.h; path = PrototypeModeTest.h; sourceTree = "<group>"; };
		4993647D2E4588C800BC350C /* Prototype.md */ = {isa = PBXFileReference; lastKnownFileType = net.daringfireball.markdown; path = Prototype.md; sourceTree = "<group>"; };
		4993647E2E458A0C00BC350C /* Factory.md */ = {isa = PBXFileReference; lastKnownFileType = net.daringfireball.markdown; path = Factory.md; sourceTree = "<group>"; };
		499364812E459C4600BC350C /* Tea.m */ = {isa = PBXFileReference; fileEncoding = 4; lastKnownFileType = sourcecode.c.objc; path = Tea.m; sourceTree = "<group>"; };
		499364822E459C4600BC350C /* Beverage.m */ = {isa = PBXFileReference; fileEncoding = 4; lastKnownFileType = sourcecode.c.objc; path = Beverage.m; sourceTree = "<group>"; };
		499364842E459C4700BC350C /* Coffee.m */ = {isa = PBXFileReference; fileEncoding = 4; lastKnownFileType = sourcecode.c.objc; path = Coffee.m; sourceTree = "<group>"; };
		499364852E459C4700BC350C /* Beverage.h */ = {isa = PBXFileReference; fileEncoding = 4; lastKnownFileType = sourcecode.c.h; path = Beverage.h; sourceTree = "<group>"; };
		499364862E459C4700BC350C /* Tea.h */ = {isa = PBXFileReference; fileEncoding = 4; lastKnownFileType = sourcecode.c.h; path = Tea.h; sourceTree = "<group>"; };
		499364872E459C4700BC350C /* Coffee.h */ = {isa = PBXFileReference; fileEncoding = 4; lastKnownFileType = sourcecode.c.h; path = Coffee.h; sourceTree = "<group>"; };
		4993648E2E45AD1600BC350C /* TemplateTest.h */ = {isa = PBXFileReference; fileEncoding = 4; lastKnownFileType = sourcecode.c.h; path = TemplateTest.h; sourceTree = "<group>"; };
		4998361E2B9D392400613369 /* SecondVCTableViewCell.h */ = {isa = PBXFileReference; lastKnownFileType = sourcecode.c.h; path = SecondVCTableViewCell.h; sourceTree = "<group>"; };
		4998361F2B9D392400613369 /* SecondVCTableViewCell.m */ = {isa = PBXFileReference; lastKnownFileType = sourcecode.c.objc; path = SecondVCTableViewCell.m; sourceTree = "<group>"; };
		499836212B9D42D700613369 /* CommonDataModel.h */ = {isa = PBXFileReference; lastKnownFileType = sourcecode.c.h; path = CommonDataModel.h; sourceTree = "<group>"; };
		499836222B9D42D700613369 /* CommonDataModel.m */ = {isa = PBXFileReference; lastKnownFileType = sourcecode.c.objc; path = CommonDataModel.m; sourceTree = "<group>"; };
		499836242B9D7A6800613369 /* README.md */ = {isa = PBXFileReference; fileEncoding = 4; lastKnownFileType = net.daringfireball.markdown; path = README.md; sourceTree = "<group>"; };
		499836262B9DF1E200613369 /* FirstVCCollectionViewCell.h */ = {isa = PBXFileReference; lastKnownFileType = sourcecode.c.h; path = FirstVCCollectionViewCell.h; sourceTree = "<group>"; };
		499836272B9DF1E200613369 /* FirstVCCollectionViewCell.m */ = {isa = PBXFileReference; lastKnownFileType = sourcecode.c.objc; path = FirstVCCollectionViewCell.m; sourceTree = "<group>"; };
		499836282B9DF1E200613369 /* FirstVCCollectionViewCell.xib */ = {isa = PBXFileReference; lastKnownFileType = file.xib; path = FirstVCCollectionViewCell.xib; sourceTree = "<group>"; };
		4998362C2B9F3FFD00613369 /* DeviceManager.h */ = {isa = PBXFileReference; lastKnownFileType = sourcecode.c.h; path = DeviceManager.h; sourceTree = "<group>"; };
		4998362D2B9F3FFD00613369 /* DeviceManager.m */ = {isa = PBXFileReference; lastKnownFileType = sourcecode.c.objc; path = DeviceManager.m; sourceTree = "<group>"; };
		499DC94720D9002700340C8E /* Test-Bridging-Header.h */ = {isa = PBXFileReference; lastKnownFileType = sourcecode.c.h; path = "Test-Bridging-Header.h"; sourceTree = "<group>"; };
		499FBF512108669D00E08F8C /* NSObjectTestView.h */ = {isa = PBXFileReference; lastKnownFileType = sourcecode.c.h; path = NSObjectTestView.h; sourceTree = "<group>"; };
		499FBF522108669D00E08F8C /* NSObjectTestView.m */ = {isa = PBXFileReference; lastKnownFileType = sourcecode.c.objc; path = NSObjectTestView.m; sourceTree = "<group>"; };
		499FBF602110551300E08F8C /* KVOExploreViewController.h */ = {isa = PBXFileReference; lastKnownFileType = sourcecode.c.h; path = KVOExploreViewController.h; sourceTree = "<group>"; };
		499FBF612110551300E08F8C /* KVOExploreViewController.m */ = {isa = PBXFileReference; lastKnownFileType = sourcecode.c.objc; path = KVOExploreViewController.m; sourceTree = "<group>"; };
		499FBF672112A7D000E08F8C /* RunloopTestViewController.h */ = {isa = PBXFileReference; lastKnownFileType = sourcecode.c.h; path = RunloopTestViewController.h; sourceTree = "<group>"; };
		499FBF682112A7D000E08F8C /* RunloopTestViewController.m */ = {isa = PBXFileReference; lastKnownFileType = sourcecode.c.objc; path = RunloopTestViewController.m; sourceTree = "<group>"; };
		49B91E6020FC671E00FC4892 /* TestBlock.h */ = {isa = PBXFileReference; lastKnownFileType = sourcecode.c.h; path = TestBlock.h; sourceTree = "<group>"; };
		49B91E6120FC671E00FC4892 /* TestBlock.m */ = {isa = PBXFileReference; lastKnownFileType = sourcecode.c.objc; path = TestBlock.m; sourceTree = "<group>"; };
		49C7497220AD74DC009DC12D /* TableViewCell.h */ = {isa = PBXFileReference; lastKnownFileType = sourcecode.c.h; path = TableViewCell.h; sourceTree = "<group>"; };
		49C7497320AD74DC009DC12D /* TableViewCell.m */ = {isa = PBXFileReference; lastKnownFileType = sourcecode.c.objc; path = TableViewCell.m; sourceTree = "<group>"; };
		49C7497520AD77FF009DC12D /* SubTableViewCell.h */ = {isa = PBXFileReference; lastKnownFileType = sourcecode.c.h; path = SubTableViewCell.h; sourceTree = "<group>"; };
		49C7497620AD77FF009DC12D /* SubTableViewCell.m */ = {isa = PBXFileReference; lastKnownFileType = sourcecode.c.objc; path = SubTableViewCell.m; sourceTree = "<group>"; };
		49CB9D9D25E796B20006F119 /* SafeQuestionLockViewController.m */ = {isa = PBXFileReference; fileEncoding = 4; lastKnownFileType = sourcecode.c.objc; path = SafeQuestionLockViewController.m; sourceTree = "<group>"; };
		49CB9D9E25E796B20006F119 /* SafeQuestionLockViewController.h */ = {isa = PBXFileReference; fileEncoding = 4; lastKnownFileType = sourcecode.c.h; path = SafeQuestionLockViewController.h; sourceTree = "<group>"; };
		49CB9DA025E796B30006F119 /* Thread&RunloopViewController.m */ = {isa = PBXFileReference; fileEncoding = 4; lastKnownFileType = sourcecode.c.objc; path = "Thread&RunloopViewController.m"; sourceTree = "<group>"; };
		49CB9DA125E796B30006F119 /* Thread&RunloopViewController.h */ = {isa = PBXFileReference; fileEncoding = 4; lastKnownFileType = sourcecode.c.h; path = "Thread&RunloopViewController.h"; sourceTree = "<group>"; };
		49CB9DA325E796B30006F119 /* DispatchGroupViewController.h */ = {isa = PBXFileReference; fileEncoding = 4; lastKnownFileType = sourcecode.c.h; path = DispatchGroupViewController.h; sourceTree = "<group>"; };
		49CB9DA425E796B30006F119 /* DispatchGroupViewController.m */ = {isa = PBXFileReference; fileEncoding = 4; lastKnownFileType = sourcecode.c.objc; path = DispatchGroupViewController.m; sourceTree = "<group>"; };
		49CB9DA625E796B30006F119 /* Sync&ASyncViewController.m */ = {isa = PBXFileReference; fileEncoding = 4; lastKnownFileType = sourcecode.c.objc; path = "Sync&ASyncViewController.m"; sourceTree = "<group>"; };
		49CB9DA725E796B30006F119 /* Sync&ASyncViewController.h */ = {isa = PBXFileReference; fileEncoding = 4; lastKnownFileType = sourcecode.c.h; path = "Sync&ASyncViewController.h"; sourceTree = "<group>"; };
		49CB9DA925E796B30006F119 /* DispatchAPITestViewController.h */ = {isa = PBXFileReference; fileEncoding = 4; lastKnownFileType = sourcecode.c.h; path = DispatchAPITestViewController.h; sourceTree = "<group>"; };
		49CB9DAA25E796B30006F119 /* DispatchAPITestViewController.m */ = {isa = PBXFileReference; fileEncoding = 4; lastKnownFileType = sourcecode.c.objc; path = DispatchAPITestViewController.m; sourceTree = "<group>"; };
		49CB9DAC25E796B30006F119 /* SafeQuestionViewController.h */ = {isa = PBXFileReference; fileEncoding = 4; lastKnownFileType = sourcecode.c.h; path = SafeQuestionViewController.h; sourceTree = "<group>"; };
		49CB9DAD25E796B30006F119 /* SafeQuestionViewController.m */ = {isa = PBXFileReference; fileEncoding = 4; lastKnownFileType = sourcecode.c.objc; path = SafeQuestionViewController.m; sourceTree = "<group>"; };
		49CB9DAF25E796B30006F119 /* SafeReadWriteViewController.m */ = {isa = PBXFileReference; fileEncoding = 4; lastKnownFileType = sourcecode.c.objc; path = SafeReadWriteViewController.m; sourceTree = "<group>"; };
		49CB9DB025E796B30006F119 /* SafeReadWriteViewController.h */ = {isa = PBXFileReference; fileEncoding = 4; lastKnownFileType = sourcecode.c.h; path = SafeReadWriteViewController.h; sourceTree = "<group>"; };
		49E792192609BA4F004A006B /* NSConditionLockDemo.h */ = {isa = PBXFileReference; fileEncoding = 4; lastKnownFileType = sourcecode.c.h; path = NSConditionLockDemo.h; sourceTree = "<group>"; };
		49E7921A2609BA4F004A006B /* NSLockDemo.h */ = {isa = PBXFileReference; fileEncoding = 4; lastKnownFileType = sourcecode.c.h; path = NSLockDemo.h; sourceTree = "<group>"; };
		49E7921B2609BA4F004A006B /* OSSpinLockDemo.m */ = {isa = PBXFileReference; fileEncoding = 4; lastKnownFileType = sourcecode.c.objc; path = OSSpinLockDemo.m; sourceTree = "<group>"; };
		49E7921C2609BA4F004A006B /* MutexDemo.m */ = {isa = PBXFileReference; fileEncoding = 4; lastKnownFileType = sourcecode.c.objc; path = MutexDemo.m; sourceTree = "<group>"; };
		49E7921D2609BA50004A006B /* OSUnfairLockDemo.m */ = {isa = PBXFileReference; fileEncoding = 4; lastKnownFileType = sourcecode.c.objc; path = OSUnfairLockDemo.m; sourceTree = "<group>"; };
		49E7921E2609BA50004A006B /* MutexDemo.h */ = {isa = PBXFileReference; fileEncoding = 4; lastKnownFileType = sourcecode.c.h; path = MutexDemo.h; sourceTree = "<group>"; };
		49E7921F2609BA50004A006B /* MJBaseDemo.m */ = {isa = PBXFileReference; fileEncoding = 4; lastKnownFileType = sourcecode.c.objc; path = MJBaseDemo.m; sourceTree = "<group>"; };
		49E792202609BA50004A006B /* OSSpinLockDemo2.h */ = {isa = PBXFileReference; fileEncoding = 4; lastKnownFileType = sourcecode.c.h; path = OSSpinLockDemo2.h; sourceTree = "<group>"; };
		49E792212609BA50004A006B /* MutexDemo3.m */ = {isa = PBXFileReference; fileEncoding = 4; lastKnownFileType = sourcecode.c.objc; path = MutexDemo3.m; sourceTree = "<group>"; };
		49E792222609BA50004A006B /* MutexDemo2.m */ = {isa = PBXFileReference; fileEncoding = 4; lastKnownFileType = sourcecode.c.objc; path = MutexDemo2.m; sourceTree = "<group>"; };
		49E792232609BA50004A006B /* NSConditionLockDemo.m */ = {isa = PBXFileReference; fileEncoding = 4; lastKnownFileType = sourcecode.c.objc; path = NSConditionLockDemo.m; sourceTree = "<group>"; };
		49E792242609BA50004A006B /* SerialQueueDemo.m */ = {isa = PBXFileReference; fileEncoding = 4; lastKnownFileType = sourcecode.c.objc; path = SerialQueueDemo.m; sourceTree = "<group>"; };
		49E792252609BA50004A006B /* SemaphoreDemo.m */ = {isa = PBXFileReference; fileEncoding = 4; lastKnownFileType = sourcecode.c.objc; path = SemaphoreDemo.m; sourceTree = "<group>"; };
		49E792262609BA50004A006B /* NSConditionDemo.h */ = {isa = PBXFileReference; fileEncoding = 4; lastKnownFileType = sourcecode.c.h; path = NSConditionDemo.h; sourceTree = "<group>"; };
		49E792272609BA50004A006B /* NSConditionDemo.m */ = {isa = PBXFileReference; fileEncoding = 4; lastKnownFileType = sourcecode.c.objc; path = NSConditionDemo.m; sourceTree = "<group>"; };
		49E792282609BA50004A006B /* NSLockDemo.m */ = {isa = PBXFileReference; fileEncoding = 4; lastKnownFileType = sourcecode.c.objc; path = NSLockDemo.m; sourceTree = "<group>"; };
		49E792292609BA50004A006B /* MJBaseDemo.h */ = {isa = PBXFileReference; fileEncoding = 4; lastKnownFileType = sourcecode.c.h; path = MJBaseDemo.h; sourceTree = "<group>"; };
		49E7922A2609BA50004A006B /* OSSpinLockDemo.h */ = {isa = PBXFileReference; fileEncoding = 4; lastKnownFileType = sourcecode.c.h; path = OSSpinLockDemo.h; sourceTree = "<group>"; };
		49E7922B2609BA50004A006B /* OSSpinLockDemo2.m */ = {isa = PBXFileReference; fileEncoding = 4; lastKnownFileType = sourcecode.c.objc; path = OSSpinLockDemo2.m; sourceTree = "<group>"; };
		49E7922C2609BA50004A006B /* SerialQueueDemo.h */ = {isa = PBXFileReference; fileEncoding = 4; lastKnownFileType = sourcecode.c.h; path = SerialQueueDemo.h; sourceTree = "<group>"; };
		49E7922D2609BA50004A006B /* SemaphoreDemo.h */ = {isa = PBXFileReference; fileEncoding = 4; lastKnownFileType = sourcecode.c.h; path = SemaphoreDemo.h; sourceTree = "<group>"; };
		49E7922E2609BA50004A006B /* MutexDemo3.h */ = {isa = PBXFileReference; fileEncoding = 4; lastKnownFileType = sourcecode.c.h; path = MutexDemo3.h; sourceTree = "<group>"; };
		49E7922F2609BA50004A006B /* OSUnfairLockDemo.h */ = {isa = PBXFileReference; fileEncoding = 4; lastKnownFileType = sourcecode.c.h; path = OSUnfairLockDemo.h; sourceTree = "<group>"; };
		49E792302609BA50004A006B /* SynchronizedDemo.h */ = {isa = PBXFileReference; fileEncoding = 4; lastKnownFileType = sourcecode.c.h; path = SynchronizedDemo.h; sourceTree = "<group>"; };
		49E792312609BA50004A006B /* SynchronizedDemo.m */ = {isa = PBXFileReference; fileEncoding = 4; lastKnownFileType = sourcecode.c.objc; path = SynchronizedDemo.m; sourceTree = "<group>"; };
		49E792322609BA50004A006B /* MutexDemo2.h */ = {isa = PBXFileReference; fileEncoding = 4; lastKnownFileType = sourcecode.c.h; path = MutexDemo2.h; sourceTree = "<group>"; };
		63063FD3A09742A0721FFA8D /* Pods-Test.debug.xcconfig */ = {isa = PBXFileReference; includeInIndex = 1; lastKnownFileType = text.xcconfig; name = "Pods-Test.debug.xcconfig"; path = "Pods/Target Support Files/Pods-Test/Pods-Test.debug.xcconfig"; sourceTree = "<group>"; };
		A82F59E1108743402F090498 /* Pods-Test.release.xcconfig */ = {isa = PBXFileReference; includeInIndex = 1; lastKnownFileType = text.xcconfig; name = "Pods-Test.release.xcconfig"; path = "Pods/Target Support Files/Pods-Test/Pods-Test.release.xcconfig"; sourceTree = "<group>"; };
/* End PBXFileReference section */

/* Begin PBXFrameworksBuildPhase section */
		495CE74C208224F3000EA0E8 /* Frameworks */ = {
			isa = PBXFrameworksBuildPhase;
			buildActionMask = 2147483647;
			files = (
				4946FAF423A0CD6600267FB0 /* CoreFoundation.framework in Frameworks */,
				4966B9E823A1ED0100E02099 /* UIKit.framework in Frameworks */,
				A65317C0F21C3B27266DD3EC /* libPods-Test.a in Frameworks */,
				4966B9EA23A1ED0700E02099 /* Foundation.framework in Frameworks */,
			);
			runOnlyForDeploymentPostprocessing = 0;
		};
/* End PBXFrameworksBuildPhase section */

/* Begin PBXGroup section */
		10CD06219D7C3D3D275E5641 /* Pods */ = {
			isa = PBXGroup;
			children = (
				63063FD3A09742A0721FFA8D /* Pods-Test.debug.xcconfig */,
				A82F59E1108743402F090498 /* Pods-Test.release.xcconfig */,
			);
			name = Pods;
			sourceTree = "<group>";
		};
		491A0F1C24AF3D2400CC4189 /* Crash防护 */ = {
			isa = PBXGroup;
			children = (
				49415D76239A5A0500660C57 /* NSExceptionManager.h */,
				49415D77239A5A0500660C57 /* NSExceptionManager.m */,
			);
			path = "Crash防护";
			sourceTree = "<group>";
		};
		491A0F2024AF445300CC4189 /* TestSomeVCs */ = {
			isa = PBXGroup;
			children = (
				491A0F2124AF448700CC4189 /* TestAViewController.h */,
				491A0F2224AF448700CC4189 /* TestAViewController.m */,
				491A0F2424AF44A200CC4189 /* TestBViewController.h */,
				491A0F2524AF44A200CC4189 /* TestBViewController.m */,
				491A0F2724AF44AB00CC4189 /* TestCViewController.h */,
				491A0F2824AF44AB00CC4189 /* TestCViewController.m */,
			);
			path = TestSomeVCs;
			sourceTree = "<group>";
		};
		492554A4239DF3DD0008D6EF /* SDWebImage探索 */ = {
			isa = PBXGroup;
			children = (
				492554A5239DF4070008D6EF /* SDWebImageTestViewController.h */,
				492554A6239DF4070008D6EF /* SDWebImageTestViewController.m */,
			);
			path = "SDWebImage探索";
			sourceTree = "<group>";
		};
		492E19712E3B2F2800747694 /* LeetCode */ = {
			isa = PBXGroup;
			children = (
				492E19722E3B2F4900747694 /* test01.cpp */,
			);
			path = LeetCode;
			sourceTree = "<group>";
		};
		492E19772E42080300747694 /* 大话-策略模式 */ = {
			isa = PBXGroup;
			children = (
				492E197B2E433EF000747694 /* Strategy.md */,
				492E19782E42086700747694 /* StrategyMode.h */,
				492E19792E42086700747694 /* StrategyMode.m */,
			);
			path = "大话-策略模式";
			sourceTree = "<group>";
		};
		492E197D2E4351F100747694 /* 大话-装饰模式 */ = {
			isa = PBXGroup;
			children = (
				492E19862E43525900747694 /* Decorator.md */,
				492E19832E43523800747694 /* DecortorPerson.h */,
				492E19842E43523800747694 /* DecortorPerson.m */,
				492E19882E43553400747694 /* Finery.h */,
				492E19892E43553400747694 /* Finery.m */,
			);
			path = "大话-装饰模式";
			sourceTree = "<group>";
		};
		493904AA25F2514D00C8C209 /* iOS——锁 */ = {
			isa = PBXGroup;
			children = (
				493904AB25F2516A00C8C209 /* OCLockTestViewController.h */,
				493904AC25F2516A00C8C209 /* OCLockTestViewController.m */,
			);
			path = "iOS——锁";
			sourceTree = "<group>";
		};
		493904B025F3174B00C8C209 /* StrongCopyWeak */ = {
			isa = PBXGroup;
			children = (
				493904B125F3179800C8C209 /* StrongCopyWeakTest.h */,
				493904B225F3179800C8C209 /* StrongCopyWeakTest.m */,
			);
			path = StrongCopyWeak;
			sourceTree = "<group>";
		};
		493904D825F4717C00C8C209 /* 通知 */ = {
			isa = PBXGroup;
			children = (
				494B95072B8B59AF0052DC1E /* NotificationTestViewController.h */,
				494B95082B8B59AF0052DC1E /* NotificationTestViewController.m */,
			);
			path = "通知";
			sourceTree = "<group>";
		};
		493AE7B923ACBD8500BDDACC /* 单例 */ = {
			isa = PBXGroup;
			children = (
				493AE7BA23ACBDA800BDDACC /* SignalModelTest.h */,
				493AE7BB23ACBDA800BDDACC /* SignalModelTest.m */,
			);
			path = "单例";
			sourceTree = "<group>";
		};
		493E0854238BCBCC0079D893 /* 设计模式 */ = {
			isa = PBXGroup;
			children = (
				499364802E459C0700BC350C /* 大话-外观模式 */,
				4993647F2E45984F00BC350C /* 大话-模版模式 */,
				499364722E44BBC600BC350C /* 大话-原型模式 */,
				4993645E2E44AB1000BC350C /* 大话-工厂模式 */,
				492E197D2E4351F100747694 /* 大话-装饰模式 */,
				492E19772E42080300747694 /* 大话-策略模式 */,
				493904D825F4717C00C8C209 /* 通知 */,
				493AE7B923ACBD8500BDDACC /* 单例 */,
				493E0859238BFBBC0079D893 /* Block */,
				493E0858238BFBAB0079D893 /* 代理 */,
			);
			path = "设计模式";
			sourceTree = "<group>";
		};
		493E0858238BFBAB0079D893 /* 代理 */ = {
			isa = PBXGroup;
			children = (
				493E0855238BCBED0079D893 /* DelegateViewController.h */,
				493E0856238BCBED0079D893 /* DelegateViewController.m */,
				492E198E2E4389A400747694 /* Agent.h */,
				492E198F2E4389A400747694 /* MovieStar.h */,
				492E19902E4389A400747694 /* StarProtocol.h */,
			);
			path = "代理";
			sourceTree = "<group>";
		};
		493E0859238BFBBC0079D893 /* Block */ = {
			isa = PBXGroup;
			children = (
				493E085A238BFC550079D893 /* BlockViewController.h */,
				493E085B238BFC550079D893 /* BlockViewController.m */,
			);
			path = Block;
			sourceTree = "<group>";
		};
		49415D71239A325700660C57 /* iOS_API */ = {
			isa = PBXGroup;
			children = (
				49415D73239A329900660C57 /* iOS_APITestViewController.h */,
				49415D74239A329900660C57 /* iOS_APITestViewController.m */,
				49415D79239B92B500660C57 /* YYWeakProxy.h */,
				49415D7A239B92B500660C57 /* YYWeakProxy.m */,
			);
			path = iOS_API;
			sourceTree = "<group>";
		};
		49437D3A2372DEEF000C8C49 /* TextureTest */ = {
			isa = PBXGroup;
			children = (
				49437D3B2372DF17000C8C49 /* TextUreTestViewController.h */,
				49437D3C2372DF17000C8C49 /* TextUreTestViewController.m */,
			);
			path = TextureTest;
			sourceTree = "<group>";
		};
		4944358923B38828002B4742 /* 链表 */ = {
			isa = PBXGroup;
			children = (
				4944358A23B3884F002B4742 /* MyListTest.cpp */,
				4944358B23B3884F002B4742 /* MyListTest.hpp */,
			);
			path = "链表";
			sourceTree = "<group>";
		};
		4945FBE423B10232002E9401 /* 哈希表 */ = {
			isa = PBXGroup;
			children = (
				4945FBE523B10255002E9401 /* HashCTest.cpp */,
				4945FBE623B10255002E9401 /* HashCTest.hpp */,
				492E19742E3B54BF00747694 /* NSObject+HashTable.h */,
				492E19752E3B54BF00747694 /* NSObject+HashTable.m */,
			);
			path = "哈希表";
			sourceTree = "<group>";
		};
		4946D13623A5C5CF003DF518 /* __bridge探索 */ = {
			isa = PBXGroup;
			children = (
				4946D13723A5C5FD003DF518 /* TestBridgeViewController.h */,
				4946D13823A5C5FD003DF518 /* TestBridgeViewController.m */,
			);
			path = "__bridge探索";
			sourceTree = "<group>";
		};
		4946D13F23A67EE1003DF518 /* KVC探索 */ = {
			isa = PBXGroup;
			children = (
				4946D14023A67F0A003DF518 /* KVCTestClass.h */,
				4946D14123A67F0A003DF518 /* KVCTestClass.m */,
				493CBED923A72F7600694F6E /* Book.h */,
				493CBEDA23A72F7600694F6E /* Book.m */,
			);
			path = "KVC探索";
			sourceTree = "<group>";
		};
		495CE746208224F3000EA0E8 = {
			isa = PBXGroup;
			children = (
				495CE751208224F3000EA0E8 /* Test */,
				495CE750208224F3000EA0E8 /* Products */,
				10CD06219D7C3D3D275E5641 /* Pods */,
				5EAFA43FE726B378EBC392F6 /* Frameworks */,
				499836242B9D7A6800613369 /* README.md */,
			);
			sourceTree = "<group>";
		};
		495CE750208224F3000EA0E8 /* Products */ = {
			isa = PBXGroup;
			children = (
				495CE74F208224F3000EA0E8 /* Test.app */,
			);
			name = Products;
			sourceTree = "<group>";
		};
		495CE751208224F3000EA0E8 /* Test */ = {
			isa = PBXGroup;
			children = (
				4998362B2B9F3FDB00613369 /* Common */,
				4977E4E82B970F9600658FAA /* ConstValue */,
				4977E4E42B97068A00658FAA /* HomePage */,
				4960E3772615984700CF7CAB /* 数据持久化 */,
				493904B025F3174B00C8C209 /* StrongCopyWeak */,
				493904AA25F2514D00C8C209 /* iOS——锁 */,
				49CB9D8025E796850006F119 /* iOS——多线程 */,
				491A0F1C24AF3D2400CC4189 /* Crash防护 */,
				49749DDF24A5FC130024E825 /* NSObject */,
				4946D13623A5C5CF003DF518 /* __bridge探索 */,
				492554A4239DF3DD0008D6EF /* SDWebImage探索 */,
				49415D71239A325700660C57 /* iOS_API */,
				493E0854238BCBCC0079D893 /* 设计模式 */,
				49437D3A2372DEEF000C8C49 /* TextureTest */,
				4967EDE4235D488E00D7BCCF /* 数据结构&算法 */,
				49934E2F2147987600DAB4D5 /* 动态修改APPicon */,
				4990BAA2212FF2370044BCE1 /* AFNetworking探索 */,
				4990BA9E212FE7ED0044BCE1 /* WebP探索 */,
				4990BF2C211AF5AF0000ADC5 /* Runtime探索 */,
				4990BF2221198CF20000ADC5 /* 关联对象 */,
				4990BF13211839B90000ADC5 /* Category探索 */,
				499FBF662112A59E00E08F8C /* Runloop探索 */,
				4946D13F23A67EE1003DF518 /* KVC探索 */,
				499FBF5F2110548800E08F8C /* KVO探索 */,
				499FBF5E211053AA00E08F8C /* 继承测试 */,
				499FBF5D2110535700E08F8C /* Block探索 */,
				499FBF5C2110532400E08F8C /* Class本质 */,
				495CE752208224F3000EA0E8 /* AppDelegate.h */,
				495CE753208224F3000EA0E8 /* AppDelegate.m */,
				491A0F2024AF445300CC4189 /* TestSomeVCs */,
				495CE758208224F3000EA0E8 /* Main.storyboard */,
				495CE75B208224F5000EA0E8 /* Assets.xcassets */,
				495CE75D208224F5000EA0E8 /* LaunchScreen.storyboard */,
				495CE760208224F5000EA0E8 /* Info.plist */,
				49934E3C21479C2900DAB4D5 /* Test.pch */,
				495CE761208224F5000EA0E8 /* main.m */,
				499DC94720D9002700340C8E /* Test-Bridging-Header.h */,
			);
			path = Test;
			sourceTree = "<group>";
		};
		4960E3772615984700CF7CAB /* 数据持久化 */ = {
			isa = PBXGroup;
			children = (
				4960E3782615987200CF7CAB /* TestNSUseDefault.h */,
				4960E3792615987200CF7CAB /* TestNSUseDefault.m */,
			);
			path = "数据持久化";
			sourceTree = "<group>";
		};
		4966B9E423A1EAD000E02099 /* 算法排序 */ = {
			isa = PBXGroup;
			children = (
				4966B9E523A1EAEE00E02099 /* SortTest.cpp */,
				4941C4C223A4C60E00C49D7E /* iOSAlgorithmTest.cpp */,
				4946D13C23A625A2003DF518 /* OCAlgorithmTest.h */,
				4946D13D23A625A2003DF518 /* OCAlgorithmTest.m */,
			);
			path = "算法排序";
			sourceTree = "<group>";
		};
		4967EDE4235D488E00D7BCCF /* 数据结构&算法 */ = {
			isa = PBXGroup;
			children = (
				492E19712E3B2F2800747694 /* LeetCode */,
				4944358923B38828002B4742 /* 链表 */,
				4945FBE423B10232002E9401 /* 哈希表 */,
				4966B9E423A1EAD000E02099 /* 算法排序 */,
				4967EDE5235D489800D7BCCF /* 二叉树 */,
			);
			path = "数据结构&算法";
			sourceTree = "<group>";
		};
		4967EDE5235D489800D7BCCF /* 二叉树 */ = {
			isa = PBXGroup;
			children = (
				4967EDE6235D493D00D7BCCF /* BinaryTreeNode.h */,
				4967EDE7235D493D00D7BCCF /* BinaryTreeNode.m */,
			);
			path = "二叉树";
			sourceTree = "<group>";
		};
		49749DDF24A5FC130024E825 /* NSObject */ = {
			isa = PBXGroup;
			children = (
				49749DE124A5FC7E0024E825 /* NSObject+tools.h */,
				49749DE224A5FC7E0024E825 /* NSObject+tools.m */,
			);
			path = NSObject;
			sourceTree = "<group>";
		};
		4977E4E42B97068A00658FAA /* HomePage */ = {
			isa = PBXGroup;
			children = (
				4977E4E52B9706B800658FAA /* FirstViewController.h */,
				4977E4E62B9706B800658FAA /* FirstViewController.m */,
				499836262B9DF1E200613369 /* FirstVCCollectionViewCell.h */,
				499836272B9DF1E200613369 /* FirstVCCollectionViewCell.m */,
				499836282B9DF1E200613369 /* FirstVCCollectionViewCell.xib */,
				4977E4EF2B9719AC00658FAA /* SecondViewController.h */,
				4977E4F02B9719AC00658FAA /* SecondViewController.m */,
				4998361E2B9D392400613369 /* SecondVCTableViewCell.h */,
				4998361F2B9D392400613369 /* SecondVCTableViewCell.m */,
				499836212B9D42D700613369 /* CommonDataModel.h */,
				499836222B9D42D700613369 /* CommonDataModel.m */,
				495CE755208224F3000EA0E8 /* ViewController.h */,
				495CE756208224F3000EA0E8 /* ViewController.m */,
				4977E4F22B9719B700658FAA /* ThirdViewController.h */,
				4977E4F32B9719B700658FAA /* ThirdViewController.m */,
			);
			path = HomePage;
			sourceTree = "<group>";
		};
		4977E4E82B970F9600658FAA /* ConstValue */ = {
			isa = PBXGroup;
			children = (
				4977E4EE2B97129400658FAA /* UIConstValue.h */,
			);
			path = ConstValue;
			sourceTree = "<group>";
		};
		4990BA9E212FE7ED0044BCE1 /* WebP探索 */ = {
			isa = PBXGroup;
			children = (
				4990BA9F212FE8100044BCE1 /* WebPTestViewController.h */,
				4990BAA0212FE8100044BCE1 /* WebPTestViewController.m */,
			);
			path = "WebP探索";
			sourceTree = "<group>";
		};
		4990BAA2212FF2370044BCE1 /* AFNetworking探索 */ = {
			isa = PBXGroup;
			children = (
				4990BAA3212FF2610044BCE1 /* AFNetworkingTestViewController.h */,
				4990BAA4212FF2610044BCE1 /* AFNetworkingTestViewController.m */,
			);
			path = "AFNetworking探索";
			sourceTree = "<group>";
		};
		4990BF13211839B90000ADC5 /* Category探索 */ = {
			isa = PBXGroup;
			children = (
				492E198C2E43768300747694 /* Person.h */,
				492E198B2E43768300747694 /* Person.m */,
				4990BF1421183AE80000ADC5 /* Person+Test.h */,
				4990BF1521183AE80000ADC5 /* Person+Test.m */,
				4990BF1721183D4E0000ADC5 /* Person+Test2.h */,
				4990BF1821183D4E0000ADC5 /* Person+Test2.m */,
				4990BF1C21196E410000ADC5 /* Student.h */,
				4990BF1D21196E410000ADC5 /* Student.m */,
				4990BF1F21196E730000ADC5 /* Student+Test.h */,
				4990BF2021196E730000ADC5 /* Student+Test.m */,
			);
			path = "Category探索";
			sourceTree = "<group>";
		};
		4990BF2221198CF20000ADC5 /* 关联对象 */ = {
			isa = PBXGroup;
			children = (
				4990BF2621198EE10000ADC5 /* NSObject+addProperty.h */,
				4990BF2721198EE10000ADC5 /* NSObject+addProperty.m */,
			);
			path = "关联对象";
			sourceTree = "<group>";
		};
		4990BF2C211AF5AF0000ADC5 /* Runtime探索 */ = {
			isa = PBXGroup;
			children = (
				4990BF29211AD9330000ADC5 /* Person1.h */,
				4990BF2A211AD9330000ADC5 /* Person1.m */,
				4962F6AC2121863E00CB305F /* Person2.h */,
				4962F6AD2121863E00CB305F /* Person2.m */,
				4962F6B221251C3000CB305F /* Student1.h */,
				4962F6B321251C3000CB305F /* Student1.m */,
				4962F6AF2123FF1B00CB305F /* Car.h */,
				4962F6B02123FF1C00CB305F /* Car.m */,
				4962F6B52126CC5500CB305F /* RutimeMethodAndClassApi.h */,
				4962F6B62126CC5500CB305F /* RutimeMethodAndClassApi.m */,
			);
			path = "Runtime探索";
			sourceTree = "<group>";
		};
		49934E2F2147987600DAB4D5 /* 动态修改APPicon */ = {
			isa = PBXGroup;
			children = (
				49934E302147989300DAB4D5 /* images */,
				49934E3921479A4C00DAB4D5 /* ChangeAppIconViewController.h */,
				49934E3A21479A4C00DAB4D5 /* ChangeAppIconViewController.m */,
			);
			path = "动态修改APPicon";
			sourceTree = "<group>";
		};
		49934E302147989300DAB4D5 /* images */ = {
			isa = PBXGroup;
			children = (
				49934E352147991E00DAB4D5 /* leopard@2x.png */,
				49934E362147991E00DAB4D5 /* leopard@3x.png */,
				49934E31214798AD00DAB4D5 /* dusk@2x.png */,
				49934E32214798AD00DAB4D5 /* dusk@3x.png */,
			);
			path = images;
			sourceTree = "<group>";
		};
		4993645E2E44AB1000BC350C /* 大话-工厂模式 */ = {
			isa = PBXGroup;
			children = (
				499364632E44AB2300BC350C /* Client.m */,
				4993646D2E44AE7200BC350C /* ConcreteFactoryA.h */,
				4993647E2E458A0C00BC350C /* Factory.md */,
				4993646B2E44AE7200BC350C /* ConcreteFactoryA.m */,
				4993646E2E44AE7200BC350C /* ConcreteFactoryB.h */,
				4993646C2E44AE7200BC350C /* ConcreteFactoryB.m */,
				499364642E44AB2400BC350C /* ConcreteProductA.h */,
				499364652E44AB2400BC350C /* ConcreteProductA.m */,
				4993645F2E44AB2300BC350C /* ConcreteProductB.h */,
				499364622E44AB2300BC350C /* ConcreteProductB.m */,
				499364712E44AE9D00BC350C /* Factory.h */,
				499364602E44AB2300BC350C /* Product.h */,
				499364612E44AB2300BC350C /* SimpleFactory.h */,
				499364662E44AB2400BC350C /* SimpleFactory.m */,
			);
			path = "大话-工厂模式";
			sourceTree = "<group>";
		};
		499364722E44BBC600BC350C /* 大话-原型模式 */ = {
			isa = PBXGroup;
			children = (
				4993647B2E44C3D700BC350C /* PrototypeModeTest.h */,
				499364742E44BBEA00BC350C /* User.h */,
				499364752E44BBEA00BC350C /* User.m */,
				4993647D2E4588C800BC350C /* Prototype.md */,
			);
			path = "大话-原型模式";
			sourceTree = "<group>";
		};
		4993647F2E45984F00BC350C /* 大话-模版模式 */ = {
			isa = PBXGroup;
			children = (
				499364852E459C4700BC350C /* Beverage.h */,
				499364822E459C4600BC350C /* Beverage.m */,
				499364872E459C4700BC350C /* Coffee.h */,
				499364842E459C4700BC350C /* Coffee.m */,
				4993648E2E45AD1600BC350C /* TemplateTest.h */,
				499364862E459C4700BC350C /* Tea.h */,
				499364812E459C4600BC350C /* Tea.m */,
			);
			path = "大话-模版模式";
			sourceTree = "<group>";
		};
		499364802E459C0700BC350C /* 大话-外观模式 */ = {
			isa = PBXGroup;
			children = (
			);
			path = "大话-外观模式";
			sourceTree = "<group>";
		};
		4998362B2B9F3FDB00613369 /* Common */ = {
			isa = PBXGroup;
			children = (
				4998362C2B9F3FFD00613369 /* DeviceManager.h */,
				4998362D2B9F3FFD00613369 /* DeviceManager.m */,
			);
			path = Common;
			sourceTree = "<group>";
		};
		499FBF5C2110532400E08F8C /* Class本质 */ = {
			isa = PBXGroup;
			children = (
				499FBF512108669D00E08F8C /* NSObjectTestView.h */,
				499FBF522108669D00E08F8C /* NSObjectTestView.m */,
			);
			path = "Class本质";
			sourceTree = "<group>";
		};
		499FBF5D2110535700E08F8C /* Block探索 */ = {
			isa = PBXGroup;
			children = (
				49B91E6020FC671E00FC4892 /* TestBlock.h */,
				49B91E6120FC671E00FC4892 /* TestBlock.m */,
			);
			path = "Block探索";
			sourceTree = "<group>";
		};
		499FBF5E211053AA00E08F8C /* 继承测试 */ = {
			isa = PBXGroup;
			children = (
				49C7497220AD74DC009DC12D /* TableViewCell.h */,
				49C7497320AD74DC009DC12D /* TableViewCell.m */,
				49C7497520AD77FF009DC12D /* SubTableViewCell.h */,
				49C7497620AD77FF009DC12D /* SubTableViewCell.m */,
			);
			path = "继承测试";
			sourceTree = "<group>";
		};
		499FBF5F2110548800E08F8C /* KVO探索 */ = {
			isa = PBXGroup;
			children = (
				499FBF602110551300E08F8C /* KVOExploreViewController.h */,
				499FBF612110551300E08F8C /* KVOExploreViewController.m */,
			);
			path = "KVO探索";
			sourceTree = "<group>";
		};
		499FBF662112A59E00E08F8C /* Runloop探索 */ = {
			isa = PBXGroup;
			children = (
				499FBF672112A7D000E08F8C /* RunloopTestViewController.h */,
				499FBF682112A7D000E08F8C /* RunloopTestViewController.m */,
			);
			path = "Runloop探索";
			sourceTree = "<group>";
		};
		49CB9D8025E796850006F119 /* iOS——多线程 */ = {
			isa = PBXGroup;
			children = (
				49CB9DAB25E796B30006F119 /* 安全隐患-存取钱 */,
				49CB9D8125E796B20006F119 /* 存取钱加锁-安全 */,
				49CB9DAE25E796B30006F119 /* 读写安全 */,
				49CB9DA525E796B30006F119 /* 同步异步 */,
				49CB9D9F25E796B30006F119 /* 线程&runloop */,
				49CB9DA825E796B30006F119 /* dispatch_api */,
				49CB9DA225E796B30006F119 /* dispatch_group */,
			);
			path = "iOS——多线程";
			sourceTree = "<group>";
		};
		49CB9D8125E796B20006F119 /* 存取钱加锁-安全 */ = {
			isa = PBXGroup;
			children = (
				49CB9D8225E796B20006F119 /* Locks */,
				49CB9D9D25E796B20006F119 /* SafeQuestionLockViewController.m */,
				49CB9D9E25E796B20006F119 /* SafeQuestionLockViewController.h */,
			);
			path = "存取钱加锁-安全";
			sourceTree = "<group>";
		};
		49CB9D8225E796B20006F119 /* Locks */ = {
			isa = PBXGroup;
			children = (
				49E792292609BA50004A006B /* MJBaseDemo.h */,
				49E7921F2609BA50004A006B /* MJBaseDemo.m */,
				49E7921E2609BA50004A006B /* MutexDemo.h */,
				49E7921C2609BA4F004A006B /* MutexDemo.m */,
				49E792322609BA50004A006B /* MutexDemo2.h */,
				49E792222609BA50004A006B /* MutexDemo2.m */,
				49E7922E2609BA50004A006B /* MutexDemo3.h */,
				49E792212609BA50004A006B /* MutexDemo3.m */,
				49E792262609BA50004A006B /* NSConditionDemo.h */,
				49E792272609BA50004A006B /* NSConditionDemo.m */,
				49E792192609BA4F004A006B /* NSConditionLockDemo.h */,
				49E792232609BA50004A006B /* NSConditionLockDemo.m */,
				49E7921A2609BA4F004A006B /* NSLockDemo.h */,
				49E792282609BA50004A006B /* NSLockDemo.m */,
				49E7922A2609BA50004A006B /* OSSpinLockDemo.h */,
				49E7921B2609BA4F004A006B /* OSSpinLockDemo.m */,
				49E792202609BA50004A006B /* OSSpinLockDemo2.h */,
				49E7922B2609BA50004A006B /* OSSpinLockDemo2.m */,
				49E7922F2609BA50004A006B /* OSUnfairLockDemo.h */,
				49E7921D2609BA50004A006B /* OSUnfairLockDemo.m */,
				49E7922D2609BA50004A006B /* SemaphoreDemo.h */,
				49E792252609BA50004A006B /* SemaphoreDemo.m */,
				49E7922C2609BA50004A006B /* SerialQueueDemo.h */,
				49E792242609BA50004A006B /* SerialQueueDemo.m */,
				49E792302609BA50004A006B /* SynchronizedDemo.h */,
				49E792312609BA50004A006B /* SynchronizedDemo.m */,
			);
			path = Locks;
			sourceTree = "<group>";
		};
		49CB9D9F25E796B30006F119 /* 线程&runloop */ = {
			isa = PBXGroup;
			children = (
				49CB9DA025E796B30006F119 /* Thread&RunloopViewController.m */,
				49CB9DA125E796B30006F119 /* Thread&RunloopViewController.h */,
			);
			path = "线程&runloop";
			sourceTree = "<group>";
		};
		49CB9DA225E796B30006F119 /* dispatch_group */ = {
			isa = PBXGroup;
			children = (
				49CB9DA325E796B30006F119 /* DispatchGroupViewController.h */,
				49CB9DA425E796B30006F119 /* DispatchGroupViewController.m */,
			);
			path = dispatch_group;
			sourceTree = "<group>";
		};
		49CB9DA525E796B30006F119 /* 同步异步 */ = {
			isa = PBXGroup;
			children = (
				49CB9DA625E796B30006F119 /* Sync&ASyncViewController.m */,
				49CB9DA725E796B30006F119 /* Sync&ASyncViewController.h */,
			);
			path = "同步异步";
			sourceTree = "<group>";
		};
		49CB9DA825E796B30006F119 /* dispatch_api */ = {
			isa = PBXGroup;
			children = (
				49CB9DA925E796B30006F119 /* DispatchAPITestViewController.h */,
				49CB9DAA25E796B30006F119 /* DispatchAPITestViewController.m */,
			);
			path = dispatch_api;
			sourceTree = "<group>";
		};
		49CB9DAB25E796B30006F119 /* 安全隐患-存取钱 */ = {
			isa = PBXGroup;
			children = (
				49CB9DAC25E796B30006F119 /* SafeQuestionViewController.h */,
				49CB9DAD25E796B30006F119 /* SafeQuestionViewController.m */,
			);
			path = "安全隐患-存取钱";
			sourceTree = "<group>";
		};
		49CB9DAE25E796B30006F119 /* 读写安全 */ = {
			isa = PBXGroup;
			children = (
				49CB9DAF25E796B30006F119 /* SafeReadWriteViewController.m */,
				49CB9DB025E796B30006F119 /* SafeReadWriteViewController.h */,
			);
			path = "读写安全";
			sourceTree = "<group>";
		};
		5EAFA43FE726B378EBC392F6 /* Frameworks */ = {
			isa = PBXGroup;
			children = (
				4966B9E923A1ED0600E02099 /* Foundation.framework */,
				4966B9E723A1ED0100E02099 /* UIKit.framework */,
				4946FAF323A0CD6600267FB0 /* CoreFoundation.framework */,
				19BC9BA4508E81CCE1B1B4B9 /* libPods-Test.a */,
			);
			name = Frameworks;
			sourceTree = "<group>";
		};
/* End PBXGroup section */

/* Begin PBXNativeTarget section */
		495CE74E208224F3000EA0E8 /* Test */ = {
			isa = PBXNativeTarget;
			buildConfigurationList = 495CE765208224F5000EA0E8 /* Build configuration list for PBXNativeTarget "Test" */;
			buildPhases = (
				F881B4534FCF05FDA14376F0 /* [CP] Check Pods Manifest.lock */,
				495CE74B208224F3000EA0E8 /* Sources */,
				495CE74C208224F3000EA0E8 /* Frameworks */,
				495CE74D208224F3000EA0E8 /* Resources */,
				B4072564A7F455AE0CC7D95E /* [CP] Copy Pods Resources */,
			);
			buildRules = (
			);
			dependencies = (
			);
			name = Test;
			productName = Test;
			productReference = 495CE74F208224F3000EA0E8 /* Test.app */;
			productType = "com.apple.product-type.application";
		};
/* End PBXNativeTarget section */

/* Begin PBXProject section */
		495CE747208224F3000EA0E8 /* Project object */ = {
			isa = PBXProject;
			attributes = {
				LastUpgradeCheck = 0930;
				ORGANIZATIONNAME = "张德凯";
				TargetAttributes = {
					495CE74E208224F3000EA0E8 = {
						CreatedOnToolsVersion = 9.3;
						LastSwiftMigration = 0930;
					};
				};
			};
			buildConfigurationList = 495CE74A208224F3000EA0E8 /* Build configuration list for PBXProject "Test" */;
			compatibilityVersion = "Xcode 9.3";
			developmentRegion = en;
			hasScannedForEncodings = 0;
			knownRegions = (
				en,
				Base,
			);
			mainGroup = 495CE746208224F3000EA0E8;
			productRefGroup = 495CE750208224F3000EA0E8 /* Products */;
			projectDirPath = "";
			projectRoot = "";
			targets = (
				495CE74E208224F3000EA0E8 /* Test */,
			);
		};
/* End PBXProject section */

/* Begin PBXResourcesBuildPhase section */
		495CE74D208224F3000EA0E8 /* Resources */ = {
			isa = PBXResourcesBuildPhase;
			buildActionMask = 2147483647;
			files = (
				49934E382147991E00DAB4D5 /* leopard@3x.png in Resources */,
				492E19872E43525900747694 /* Decorator.md in Resources */,
				495CE75F208224F5000EA0E8 /* LaunchScreen.storyboard in Resources */,
				495CE75C208224F5000EA0E8 /* Assets.xcassets in Resources */,
				4998362A2B9DF1E200613369 /* FirstVCCollectionViewCell.xib in Resources */,
				49934E34214798AD00DAB4D5 /* dusk@3x.png in Resources */,
				49934E372147991E00DAB4D5 /* leopard@2x.png in Resources */,
				495CE75A208224F3000EA0E8 /* Main.storyboard in Resources */,
				492E197C2E433EF000747694 /* Strategy.md in Resources */,
				499836252B9D7A6800613369 /* README.md in Resources */,
				49934E33214798AD00DAB4D5 /* dusk@2x.png in Resources */,
			);
			runOnlyForDeploymentPostprocessing = 0;
		};
/* End PBXResourcesBuildPhase section */

/* Begin PBXShellScriptBuildPhase section */
		B4072564A7F455AE0CC7D95E /* [CP] Copy Pods Resources */ = {
			isa = PBXShellScriptBuildPhase;
			buildActionMask = 2147483647;
			files = (
			);
			inputFileListPaths = (
				"${PODS_ROOT}/Target Support Files/Pods-Test/Pods-Test-resources-${CONFIGURATION}-input-files.xcfilelist",
			);
			name = "[CP] Copy Pods Resources";
			outputFileListPaths = (
				"${PODS_ROOT}/Target Support Files/Pods-Test/Pods-Test-resources-${CONFIGURATION}-output-files.xcfilelist",
			);
			runOnlyForDeploymentPostprocessing = 0;
			shellPath = /bin/sh;
			shellScript = "\"${PODS_ROOT}/Target Support Files/Pods-Test/Pods-Test-resources.sh\"\n";
			showEnvVarsInLog = 0;
		};
		F881B4534FCF05FDA14376F0 /* [CP] Check Pods Manifest.lock */ = {
			isa = PBXShellScriptBuildPhase;
			buildActionMask = 2147483647;
			files = (
			);
			inputPaths = (
				"${PODS_PODFILE_DIR_PATH}/Podfile.lock",
				"${PODS_ROOT}/Manifest.lock",
			);
			name = "[CP] Check Pods Manifest.lock";
			outputPaths = (
				"$(DERIVED_FILE_DIR)/Pods-Test-checkManifestLockResult.txt",
			);
			runOnlyForDeploymentPostprocessing = 0;
			shellPath = /bin/sh;
			shellScript = "diff \"${PODS_PODFILE_DIR_PATH}/Podfile.lock\" \"${PODS_ROOT}/Manifest.lock\" > /dev/null\nif [ $? != 0 ] ; then\n    # print error to STDERR\n    echo \"error: The sandbox is not in sync with the Podfile.lock. Run 'pod install' or update your CocoaPods installation.\" >&2\n    exit 1\nfi\n# This output is used by Xcode 'outputs' to avoid re-running this script phase.\necho \"SUCCESS\" > \"${SCRIPT_OUTPUT_FILE_0}\"\n";
			showEnvVarsInLog = 0;
		};
/* End PBXShellScriptBuildPhase section */

/* Begin PBXSourcesBuildPhase section */
		495CE74B208224F3000EA0E8 /* Sources */ = {
			isa = PBXSourcesBuildPhase;
			buildActionMask = 2147483647;
			files = (
				4990BAA5212FF2610044BCE1 /* AFNetworkingTestViewController.m in Sources */,
				499364692E44AB2400BC350C /* ConcreteProductA.m in Sources */,
				493904B325F3179800C8C209 /* StrongCopyWeakTest.m in Sources */,
				49E7923E2609BA51004A006B /* OSSpinLockDemo2.m in Sources */,
				491A0F2624AF44A200CC4189 /* TestBViewController.m in Sources */,
				499836232B9D42D700613369 /* CommonDataModel.m in Sources */,
				4993646F2E44AE7200BC350C /* ConcreteFactoryA.m in Sources */,
				493AE7BC23ACBDA800BDDACC /* SignalModelTest.m in Sources */,
				49CB9DC325E796B30006F119 /* SafeQuestionViewController.m in Sources */,
				4993646A2E44AB2400BC350C /* SimpleFactory.m in Sources */,
				4946D13E23A625A2003DF518 /* OCAlgorithmTest.m in Sources */,
				49CB9DBE25E796B30006F119 /* SafeQuestionLockViewController.m in Sources */,
				4960E37A2615987200CF7CAB /* TestNSUseDefault.m in Sources */,
				499836292B9DF1E200613369 /* FirstVCCollectionViewCell.m in Sources */,
				491A0F2324AF448700CC4189 /* TestAViewController.m in Sources */,
				4977E4F12B9719AC00658FAA /* SecondViewController.m in Sources */,
				49E7923C2609BA51004A006B /* NSConditionDemo.m in Sources */,
				4946D13923A5C5FD003DF518 /* TestBridgeViewController.m in Sources */,
				49E7923B2609BA51004A006B /* SemaphoreDemo.m in Sources */,
				49E7923A2609BA51004A006B /* SerialQueueDemo.m in Sources */,
				499364672E44AB2400BC350C /* ConcreteProductB.m in Sources */,
				494B95092B8B59AF0052DC1E /* NotificationTestViewController.m in Sources */,
				4990BF1921183D4E0000ADC5 /* Person+Test2.m in Sources */,
				4977E4F42B9719B700658FAA /* ThirdViewController.m in Sources */,
				499836202B9D392400613369 /* SecondVCTableViewCell.m in Sources */,
				493904AD25F2516A00C8C209 /* OCLockTestViewController.m in Sources */,
				49CB9DBF25E796B30006F119 /* Thread&RunloopViewController.m in Sources */,
				499FBF532108669D00E08F8C /* NSObjectTestView.m in Sources */,
				499364702E44AE7200BC350C /* ConcreteFactoryB.m in Sources */,
				4977E4E72B9706B800658FAA /* FirstViewController.m in Sources */,
				4990BF1E21196E410000ADC5 /* Student.m in Sources */,
				49437D3D2372DF17000C8C49 /* TextUreTestViewController.m in Sources */,
				4946D14223A67F0A003DF518 /* KVCTestClass.m in Sources */,
				4944358C23B3884F002B4742 /* MyListTest.cpp in Sources */,
				4966B9E623A1EAEE00E02099 /* SortTest.cpp in Sources */,
				4962F6B12123FF1C00CB305F /* Car.m in Sources */,
				49E7923D2609BA51004A006B /* NSLockDemo.m in Sources */,
				4962F6AE2121863E00CB305F /* Person2.m in Sources */,
				492E198D2E43768300747694 /* Person.m in Sources */,
				4990BF2821198EE10000ADC5 /* NSObject+addProperty.m in Sources */,
				49415D75239A329900660C57 /* iOS_APITestViewController.m in Sources */,
				49934E3B21479A4C00DAB4D5 /* ChangeAppIconViewController.m in Sources */,
				495CE757208224F3000EA0E8 /* ViewController.m in Sources */,
				4962F6B421251C3000CB305F /* Student1.m in Sources */,
				49E7923F2609BA51004A006B /* SynchronizedDemo.m in Sources */,
				49CB9DC025E796B30006F119 /* DispatchGroupViewController.m in Sources */,
				49E792362609BA51004A006B /* MJBaseDemo.m in Sources */,
				4962F6B72126CC5500CB305F /* RutimeMethodAndClassApi.m in Sources */,
				49415D78239A5A0500660C57 /* NSExceptionManager.m in Sources */,
				49E792392609BA51004A006B /* NSConditionLockDemo.m in Sources */,
				49E792332609BA51004A006B /* OSSpinLockDemo.m in Sources */,
				49E792342609BA51004A006B /* MutexDemo.m in Sources */,
				499FBF692112A7D000E08F8C /* RunloopTestViewController.m in Sources */,
				492E198A2E43553400747694 /* Finery.m in Sources */,
				492E19732E3B2F4900747694 /* test01.cpp in Sources */,
				492554A7239DF4070008D6EF /* SDWebImageTestViewController.m in Sources */,
				49E792382609BA51004A006B /* MutexDemo2.m in Sources */,
				49CB9DC125E796B30006F119 /* Sync&ASyncViewController.m in Sources */,
				499364892E459C4700BC350C /* Beverage.m in Sources */,
				4941C4C323A4C60E00C49D7E /* iOSAlgorithmTest.cpp in Sources */,
				49C7497420AD74DC009DC12D /* TableViewCell.m in Sources */,
				4990BF2B211AD9330000ADC5 /* Person1.m in Sources */,
				493E0857238BCBED0079D893 /* DelegateViewController.m in Sources */,
				492E19852E43523800747694 /* DecortorPerson.m in Sources */,
				49749DE324A5FC7E0024E825 /* NSObject+tools.m in Sources */,
				495CE762208224F5000EA0E8 /* main.m in Sources */,
				4945FBE723B10255002E9401 /* HashCTest.cpp in Sources */,
				499364882E459C4700BC350C /* Tea.m in Sources */,
				493E085C238BFC550079D893 /* BlockViewController.m in Sources */,
				49E792352609BA51004A006B /* OSUnfairLockDemo.m in Sources */,
				4990BAA1212FE8100044BCE1 /* WebPTestViewController.m in Sources */,
				4993648B2E459C4700BC350C /* Coffee.m in Sources */,
				4998362E2B9F3FFD00613369 /* DeviceManager.m in Sources */,
				492E197A2E42086700747694 /* StrategyMode.m in Sources */,
				499364772E44BBEA00BC350C /* User.m in Sources */,
				4990BF1621183AE80000ADC5 /* Person+Test.m in Sources */,
				49B91E6220FC671E00FC4892 /* TestBlock.m in Sources */,
				49CB9DC225E796B30006F119 /* DispatchAPITestViewController.m in Sources */,
				491A0F2924AF44AB00CC4189 /* TestCViewController.m in Sources */,
				4990BF2121196E730000ADC5 /* Student+Test.m in Sources */,
				495CE754208224F3000EA0E8 /* AppDelegate.m in Sources */,
				49C7497720AD77FF009DC12D /* SubTableViewCell.m in Sources */,
				49415D7B239B92B500660C57 /* YYWeakProxy.m in Sources */,
				492E19762E3B54BF00747694 /* NSObject+HashTable.m in Sources */,
				4967EDE8235D493D00D7BCCF /* BinaryTreeNode.m in Sources */,
				49CB9DC425E796B30006F119 /* SafeReadWriteViewController.m in Sources */,
				493CBEDB23A72F7600694F6E /* Book.m in Sources */,
				49E792372609BA51004A006B /* MutexDemo3.m in Sources */,
				499364682E44AB2400BC350C /* Client.m in Sources */,
				499FBF622110551300E08F8C /* KVOExploreViewController.m in Sources */,
			);
			runOnlyForDeploymentPostprocessing = 0;
		};
/* End PBXSourcesBuildPhase section */

/* Begin PBXVariantGroup section */
		495CE758208224F3000EA0E8 /* Main.storyboard */ = {
			isa = PBXVariantGroup;
			children = (
				495CE759208224F3000EA0E8 /* Base */,
			);
			name = Main.storyboard;
			sourceTree = "<group>";
		};
		495CE75D208224F5000EA0E8 /* LaunchScreen.storyboard */ = {
			isa = PBXVariantGroup;
			children = (
				495CE75E208224F5000EA0E8 /* Base */,
			);
			name = LaunchScreen.storyboard;
			sourceTree = "<group>";
		};
/* End PBXVariantGroup section */

/* Begin XCBuildConfiguration section */
		495CE763208224F5000EA0E8 /* Debug */ = {
			isa = XCBuildConfiguration;
			buildSettings = {
				ALWAYS_SEARCH_USER_PATHS = NO;
				CLANG_ANALYZER_NONNULL = YES;
				CLANG_ANALYZER_NUMBER_OBJECT_CONVERSION = YES_AGGRESSIVE;
				CLANG_CXX_LANGUAGE_STANDARD = "gnu++14";
				CLANG_CXX_LIBRARY = "libc++";
				CLANG_ENABLE_MODULES = YES;
				CLANG_ENABLE_OBJC_ARC = YES;
				CLANG_ENABLE_OBJC_WEAK = YES;
				CLANG_WARN_BLOCK_CAPTURE_AUTORELEASING = YES;
				CLANG_WARN_BOOL_CONVERSION = YES;
				CLANG_WARN_COMMA = YES;
				CLANG_WARN_CONSTANT_CONVERSION = YES;
				CLANG_WARN_DEPRECATED_OBJC_IMPLEMENTATIONS = YES;
				CLANG_WARN_DIRECT_OBJC_ISA_USAGE = YES_ERROR;
				CLANG_WARN_DOCUMENTATION_COMMENTS = YES;
				CLANG_WARN_EMPTY_BODY = YES;
				CLANG_WARN_ENUM_CONVERSION = YES;
				CLANG_WARN_INFINITE_RECURSION = YES;
				CLANG_WARN_INT_CONVERSION = YES;
				CLANG_WARN_NON_LITERAL_NULL_CONVERSION = YES;
				CLANG_WARN_OBJC_IMPLICIT_RETAIN_SELF = YES;
				CLANG_WARN_OBJC_LITERAL_CONVERSION = YES;
				CLANG_WARN_OBJC_ROOT_CLASS = YES_ERROR;
				CLANG_WARN_RANGE_LOOP_ANALYSIS = YES;
				CLANG_WARN_STRICT_PROTOTYPES = YES;
				CLANG_WARN_SUSPICIOUS_MOVE = YES;
				CLANG_WARN_UNGUARDED_AVAILABILITY = YES_AGGRESSIVE;
				CLANG_WARN_UNREACHABLE_CODE = YES;
				CLANG_WARN__DUPLICATE_METHOD_MATCH = YES;
				CODE_SIGN_IDENTITY = "iPhone Developer";
				COPY_PHASE_STRIP = NO;
				DEBUG_INFORMATION_FORMAT = dwarf;
				ENABLE_STRICT_OBJC_MSGSEND = YES;
				ENABLE_TESTABILITY = YES;
				GCC_C_LANGUAGE_STANDARD = gnu11;
				GCC_DYNAMIC_NO_PIC = NO;
				GCC_NO_COMMON_BLOCKS = YES;
				GCC_OPTIMIZATION_LEVEL = 0;
				GCC_PRECOMPILE_PREFIX_HEADER = NO;
				GCC_PREPROCESSOR_DEFINITIONS = (
					"DEBUG=1",
					"$(inherited)",
				);
				GCC_WARN_64_TO_32_BIT_CONVERSION = YES;
				GCC_WARN_ABOUT_RETURN_TYPE = YES_ERROR;
				GCC_WARN_UNDECLARED_SELECTOR = YES;
				GCC_WARN_UNINITIALIZED_AUTOS = YES_AGGRESSIVE;
				GCC_WARN_UNUSED_FUNCTION = YES;
				GCC_WARN_UNUSED_VARIABLE = YES;
				IPHONEOS_DEPLOYMENT_TARGET = 14.0;
				MTL_ENABLE_DEBUG_INFO = YES;
				ONLY_ACTIVE_ARCH = YES;
				SDKROOT = iphoneos;
			};
			name = Debug;
		};
		495CE764208224F5000EA0E8 /* Release */ = {
			isa = XCBuildConfiguration;
			buildSettings = {
				ALWAYS_SEARCH_USER_PATHS = NO;
				CLANG_ANALYZER_NONNULL = YES;
				CLANG_ANALYZER_NUMBER_OBJECT_CONVERSION = YES_AGGRESSIVE;
				CLANG_CXX_LANGUAGE_STANDARD = "gnu++14";
				CLANG_CXX_LIBRARY = "libc++";
				CLANG_ENABLE_MODULES = YES;
				CLANG_ENABLE_OBJC_ARC = YES;
				CLANG_ENABLE_OBJC_WEAK = YES;
				CLANG_WARN_BLOCK_CAPTURE_AUTORELEASING = YES;
				CLANG_WARN_BOOL_CONVERSION = YES;
				CLANG_WARN_COMMA = YES;
				CLANG_WARN_CONSTANT_CONVERSION = YES;
				CLANG_WARN_DEPRECATED_OBJC_IMPLEMENTATIONS = YES;
				CLANG_WARN_DIRECT_OBJC_ISA_USAGE = YES_ERROR;
				CLANG_WARN_DOCUMENTATION_COMMENTS = YES;
				CLANG_WARN_EMPTY_BODY = YES;
				CLANG_WARN_ENUM_CONVERSION = YES;
				CLANG_WARN_INFINITE_RECURSION = YES;
				CLANG_WARN_INT_CONVERSION = YES;
				CLANG_WARN_NON_LITERAL_NULL_CONVERSION = YES;
				CLANG_WARN_OBJC_IMPLICIT_RETAIN_SELF = YES;
				CLANG_WARN_OBJC_LITERAL_CONVERSION = YES;
				CLANG_WARN_OBJC_ROOT_CLASS = YES_ERROR;
				CLANG_WARN_RANGE_LOOP_ANALYSIS = YES;
				CLANG_WARN_STRICT_PROTOTYPES = YES;
				CLANG_WARN_SUSPICIOUS_MOVE = YES;
				CLANG_WARN_UNGUARDED_AVAILABILITY = YES_AGGRESSIVE;
				CLANG_WARN_UNREACHABLE_CODE = YES;
				CLANG_WARN__DUPLICATE_METHOD_MATCH = YES;
				CODE_SIGN_IDENTITY = "iPhone Developer";
				COPY_PHASE_STRIP = NO;
				DEBUG_INFORMATION_FORMAT = "dwarf-with-dsym";
				ENABLE_NS_ASSERTIONS = NO;
				ENABLE_STRICT_OBJC_MSGSEND = YES;
				GCC_C_LANGUAGE_STANDARD = gnu11;
				GCC_NO_COMMON_BLOCKS = YES;
				GCC_PRECOMPILE_PREFIX_HEADER = NO;
				GCC_WARN_64_TO_32_BIT_CONVERSION = YES;
				GCC_WARN_ABOUT_RETURN_TYPE = YES_ERROR;
				GCC_WARN_UNDECLARED_SELECTOR = YES;
				GCC_WARN_UNINITIALIZED_AUTOS = YES_AGGRESSIVE;
				GCC_WARN_UNUSED_FUNCTION = YES;
				GCC_WARN_UNUSED_VARIABLE = YES;
				IPHONEOS_DEPLOYMENT_TARGET = 14.0;
				MTL_ENABLE_DEBUG_INFO = NO;
				SDKROOT = iphoneos;
				VALIDATE_PRODUCT = YES;
			};
			name = Release;
		};
		495CE766208224F5000EA0E8 /* Debug */ = {
			isa = XCBuildConfiguration;
			baseConfigurationReference = 63063FD3A09742A0721FFA8D /* Pods-Test.debug.xcconfig */;
			buildSettings = {
				ASSETCATALOG_COMPILER_APPICON_NAME = AppIcon;
				CLANG_ENABLE_MODULES = YES;
				CODE_SIGN_STYLE = Automatic;
				DEVELOPMENT_TEAM = TX7C33PXSE;
				GCC_PRECOMPILE_PREFIX_HEADER = YES;
				GCC_PREFIX_HEADER = Test/Test.pch;
				INFOPLIST_FILE = Test/Info.plist;
				IPHONEOS_DEPLOYMENT_TARGET = 14.0;
				LD_RUNPATH_SEARCH_PATHS = (
					"$(inherited)",
					"@executable_path/Frameworks",
				);
				PRODUCT_BUNDLE_IDENTIFIER = com.example.personal.demo;
				PRODUCT_NAME = "$(TARGET_NAME)";
				SWIFT_OBJC_BRIDGING_HEADER = "Test/Test-Bridging-Header.h";
				SWIFT_OPTIMIZATION_LEVEL = "-Onone";
				SWIFT_VERSION = 3.0;
				TARGETED_DEVICE_FAMILY = 1;
			};
			name = Debug;
		};
		495CE767208224F5000EA0E8 /* Release */ = {
			isa = XCBuildConfiguration;
			baseConfigurationReference = A82F59E1108743402F090498 /* Pods-Test.release.xcconfig */;
			buildSettings = {
				ASSETCATALOG_COMPILER_APPICON_NAME = AppIcon;
				CLANG_ENABLE_MODULES = YES;
				CODE_SIGN_STYLE = Automatic;
				DEVELOPMENT_TEAM = TX7C33PXSE;
				GCC_PRECOMPILE_PREFIX_HEADER = YES;
				GCC_PREFIX_HEADER = Test/Test.pch;
				INFOPLIST_FILE = Test/Info.plist;
				IPHONEOS_DEPLOYMENT_TARGET = 14.0;
				LD_RUNPATH_SEARCH_PATHS = (
					"$(inherited)",
					"@executable_path/Frameworks",
				);
				PRODUCT_BUNDLE_IDENTIFIER = com.example.personal.demo;
				PRODUCT_NAME = "$(TARGET_NAME)";
				SWIFT_OBJC_BRIDGING_HEADER = "Test/Test-Bridging-Header.h";
				SWIFT_VERSION = 3.0;
				TARGETED_DEVICE_FAMILY = 1;
			};
			name = Release;
		};
/* End XCBuildConfiguration section */

/* Begin XCConfigurationList section */
		495CE74A208224F3000EA0E8 /* Build configuration list for PBXProject "Test" */ = {
			isa = XCConfigurationList;
			buildConfigurations = (
				495CE763208224F5000EA0E8 /* Debug */,
				495CE764208224F5000EA0E8 /* Release */,
			);
			defaultConfigurationIsVisible = 0;
			defaultConfigurationName = Release;
		};
		495CE765208224F5000EA0E8 /* Build configuration list for PBXNativeTarget "Test" */ = {
			isa = XCConfigurationList;
			buildConfigurations = (
				495CE766208224F5000EA0E8 /* Debug */,
				495CE767208224F5000EA0E8 /* Release */,
			);
			defaultConfigurationIsVisible = 0;
			defaultConfigurationName = Release;
		};
/* End XCConfigurationList section */
	};
	rootObject = 495CE747208224F3000EA0E8 /* Project object */;
}
